// !$*UTF8*$!
{
	archiveVersion = 1;
	classes = {
	};
	objectVersion = 46;
	objects = {

/* Begin PBXBuildFile section */
		1AB547CC208A32F7006D4BF1 /* TaxiAereoMatriculas+CoreDataProperties.swift in Sources */ = {isa = PBXBuildFile; fileRef = 1AB547CB208A32F7006D4BF1 /* TaxiAereoMatriculas+CoreDataProperties.swift */; };
		286E5C912592610500F4A248 /* Bitacoras.xcdatamodeld in Sources */ = {isa = PBXBuildFile; fileRef = DA487BE11B434ACA0057EFCC /* Bitacoras.xcdatamodeld */; };
		286E5C922592612500F4A248 /* Bitacoras.xcdatamodeld in Sources */ = {isa = PBXBuildFile; fileRef = DA487BE11B434ACA0057EFCC /* Bitacoras.xcdatamodeld */; };
		286E5CA5259BD6B800F4A248 /* Success.png in Resources */ = {isa = PBXBuildFile; fileRef = 286E5CA4259BD6B700F4A248 /* Success.png */; };
		286E5CA7259BD6BC00F4A248 /* Failure.png in Resources */ = {isa = PBXBuildFile; fileRef = 286E5CA6259BD6BC00F4A248 /* Failure.png */; };
		286E5CA9259BDFDA00F4A248 /* Login.swift in Sources */ = {isa = PBXBuildFile; fileRef = 286E5CA8259BDFDA00F4A248 /* Login.swift */; };
		5D59C7CC1EC4DC66005C78C8 /* Pilotos+CoreDataClass.swift in Sources */ = {isa = PBXBuildFile; fileRef = 5D59C7C91EC4DC66005C78C8 /* Pilotos+CoreDataClass.swift */; };
		5D59C7CD1EC4DC66005C78C8 /* Pilotos+CoreDataProperties.swift in Sources */ = {isa = PBXBuildFile; fileRef = 5D59C7CA1EC4DC66005C78C8 /* Pilotos+CoreDataProperties.swift */; };
		5D59C7D01EC4DCEE005C78C8 /* AvionesAsignados+CoreDataClass.swift in Sources */ = {isa = PBXBuildFile; fileRef = 5D59C7CE1EC4DCEE005C78C8 /* AvionesAsignados+CoreDataClass.swift */; };
		5D59C7D11EC4DCEE005C78C8 /* AvionesAsignados+CoreDataProperties.swift in Sources */ = {isa = PBXBuildFile; fileRef = 5D59C7CF1EC4DCEE005C78C8 /* AvionesAsignados+CoreDataProperties.swift */; };
		5D6D43CE1F23C4520069F57A /* Vuelos+CoreDataClass.swift in Sources */ = {isa = PBXBuildFile; fileRef = 5D6D43CC1F23C4520069F57A /* Vuelos+CoreDataClass.swift */; };
		5D6D43CF1F23C4520069F57A /* Vuelos+CoreDataProperties.swift in Sources */ = {isa = PBXBuildFile; fileRef = 5D6D43CD1F23C4520069F57A /* Vuelos+CoreDataProperties.swift */; };
		5D710BF01ECCDA1200B8D9CD /* Bitacoras+CoreDataProperties.swift in Sources */ = {isa = PBXBuildFile; fileRef = 5D710BEF1ECCDA1200B8D9CD /* Bitacoras+CoreDataProperties.swift */; };
		DA0346BB1CE53E360011855A /* TVC_AvionesTableViewController.swift in Sources */ = {isa = PBXBuildFile; fileRef = DA0346BA1CE53E360011855A /* TVC_AvionesTableViewController.swift */; };
		DA0346BD1CE6297A0011855A /* TVC_AvionesTableViewCell.swift in Sources */ = {isa = PBXBuildFile; fileRef = DA0346BC1CE6297A0011855A /* TVC_AvionesTableViewCell.swift */; };
		DA097D39281238C000715F4C /* CoreTelephony.framework in Frameworks */ = {isa = PBXBuildFile; fileRef = DAA65E131CEA404500CBE514 /* CoreTelephony.framework */; };
		DA097D3C281238C500715F4C /* OneSignal.framework in Frameworks */ = {isa = PBXBuildFile; fileRef = DA65FDE51CECFA4900ED024A /* OneSignal.framework */; };
		DA1073F11CF0A17400974DB4 /* TVC_InformacionVueloViewController.swift in Sources */ = {isa = PBXBuildFile; fileRef = DA1073F01CF0A17400974DB4 /* TVC_InformacionVueloViewController.swift */; };
		DA1073F31CF0A31500974DB4 /* TVC_VuelosPasajerosTableViewCell.swift in Sources */ = {isa = PBXBuildFile; fileRef = DA1073F21CF0A31500974DB4 /* TVC_VuelosPasajerosTableViewCell.swift */; };
		DA12370026000B99003C261D /* msgAlert.swift in Sources */ = {isa = PBXBuildFile; fileRef = DA1236FF26000B99003C261D /* msgAlert.swift */; };
		DA12370826005A32003C261D /* logoFlightBook.png in Resources */ = {isa = PBXBuildFile; fileRef = DA12370726005A32003C261D /* logoFlightBook.png */; };
		DA1304E61C45C8A2008B92E1 /* books-24.png in Resources */ = {isa = PBXBuildFile; fileRef = DA1304E51C45C8A2008B92E1 /* books-24.png */; };
		DA1EBE031DAD328400C16447 /* synced_ok.png in Resources */ = {isa = PBXBuildFile; fileRef = DA1EBE021DAD328400C16447 /* synced_ok.png */; };
		DA1F11EA1BF55DC40040D749 /* Reachability.swift in Sources */ = {isa = PBXBuildFile; fileRef = DA1F11E91BF55DC40040D749 /* Reachability.swift */; };
		DA1F4B7E1C6AAA7600E10203 /* TextField.swift in Sources */ = {isa = PBXBuildFile; fileRef = DA1F4B7D1C6AAA7500E10203 /* TextField.swift */; };
		DA21D5121CEFCC8500A22F69 /* TVC_VuelosPasajerosTableViewController.swift in Sources */ = {isa = PBXBuildFile; fileRef = DA21D5111CEFCC8500A22F69 /* TVC_VuelosPasajerosTableViewController.swift */; };
		DA261FF01C6B8EE100C402D8 /* TVC_TramosTableViewController.swift in Sources */ = {isa = PBXBuildFile; fileRef = DA261FEF1C6B8EE100C402D8 /* TVC_TramosTableViewController.swift */; };
		DA2705051D9B2F7800D56E6F /* no_sync.png in Resources */ = {isa = PBXBuildFile; fileRef = DA2705041D9B2F7800D56E6F /* no_sync.png */; };
		DA358F281CB886730081102F /* twitter logo mask.png in Resources */ = {isa = PBXBuildFile; fileRef = DA358F261CB886730081102F /* twitter logo mask.png */; };
		DA358F291CB886730081102F /* twitterscreen.PNG in Resources */ = {isa = PBXBuildFile; fileRef = DA358F271CB886730081102F /* twitterscreen.PNG */; };
		DA358F2B1CB8892B0081102F /* Launch Screen.storyboard in Resources */ = {isa = PBXBuildFile; fileRef = DA358F2A1CB8892B0081102F /* Launch Screen.storyboard */; };
		DA3ECF2F1DA2AC4F00CEB84D /* Notificacion.swift in Sources */ = {isa = PBXBuildFile; fileRef = DA3ECF2E1DA2AC4F00CEB84D /* Notificacion.swift */; };
		DA487BBF1B434A910057EFCC /* AppDelegate.swift in Sources */ = {isa = PBXBuildFile; fileRef = DA487BBE1B434A910057EFCC /* AppDelegate.swift */; };
		DA487BD81B434A910057EFCC /* BitacorasTests.swift in Sources */ = {isa = PBXBuildFile; fileRef = DA487BD71B434A910057EFCC /* BitacorasTests.swift */; };
		DA487BE71B434C510057EFCC /* Images.xcassets in Resources */ = {isa = PBXBuildFile; fileRef = DA487BE61B434C510057EFCC /* Images.xcassets */; };
		DA487C021B434C600057EFCC /* 111-user.png in Resources */ = {isa = PBXBuildFile; fileRef = DA487BE91B434C600057EFCC /* 111-user.png */; };
		DA487C031B434C600057EFCC /* 54-lock.png in Resources */ = {isa = PBXBuildFile; fileRef = DA487BEA1B434C600057EFCC /* 54-lock.png */; };
		DA487C081B434C600057EFCC /* airplane_filled-32.png in Resources */ = {isa = PBXBuildFile; fileRef = DA487BEF1B434C600057EFCC /* airplane_filled-32.png */; };
		DA487C091B434C600057EFCC /* airplane_take_off_filled-32.png in Resources */ = {isa = PBXBuildFile; fileRef = DA487BF01B434C600057EFCC /* airplane_take_off_filled-32.png */; };
		DA487C0A1B434C600057EFCC /* airplane_take_off_filled-50.png in Resources */ = {isa = PBXBuildFile; fileRef = DA487BF11B434C600057EFCC /* airplane_take_off_filled-50.png */; };
		DA487C0B1B434C600057EFCC /* airplane_take_off-32.png in Resources */ = {isa = PBXBuildFile; fileRef = DA487BF21B434C600057EFCC /* airplane_take_off-32.png */; };
		DA487C0C1B434C600057EFCC /* airplane-32.png in Resources */ = {isa = PBXBuildFile; fileRef = DA487BF31B434C600057EFCC /* airplane-32.png */; };
		DA487C0D1B434C600057EFCC /* arrow400.png in Resources */ = {isa = PBXBuildFile; fileRef = DA487BF41B434C600057EFCC /* arrow400.png */; };
		DA487C0E1B434C600057EFCC /* arrow425.png in Resources */ = {isa = PBXBuildFile; fileRef = DA487BF51B434C600057EFCC /* arrow425.png */; };
		DA487C0F1B434C600057EFCC /* customs_officer-32.png in Resources */ = {isa = PBXBuildFile; fileRef = DA487BF61B434C600057EFCC /* customs_officer-32.png */; };
		DA487C101B434C600057EFCC /* landing_filled-32.png in Resources */ = {isa = PBXBuildFile; fileRef = DA487BF71B434C600057EFCC /* landing_filled-32.png */; };
		DA487C111B434C600057EFCC /* landing_filled-50.png in Resources */ = {isa = PBXBuildFile; fileRef = DA487BF81B434C600057EFCC /* landing_filled-50.png */; };
		DA487C121B434C600057EFCC /* landing-32.png in Resources */ = {isa = PBXBuildFile; fileRef = DA487BF91B434C600057EFCC /* landing-32.png */; };
		DA487C131B434C600057EFCC /* left3-32.png in Resources */ = {isa = PBXBuildFile; fileRef = DA487BFA1B434C600057EFCC /* left3-32.png */; };
		DA487C141B434C600057EFCC /* lock_32.png in Resources */ = {isa = PBXBuildFile; fileRef = DA487BFB1B434C600057EFCC /* lock_32.png */; };
		DA487C151B434C600057EFCC /* lock_open_32.png in Resources */ = {isa = PBXBuildFile; fileRef = DA487BFC1B434C600057EFCC /* lock_open_32.png */; };
		DA487C161B434C600057EFCC /* passenger_filled-32.png in Resources */ = {isa = PBXBuildFile; fileRef = DA487BFD1B434C600057EFCC /* passenger_filled-32.png */; };
		DA487C171B434C600057EFCC /* passenger-32.png in Resources */ = {isa = PBXBuildFile; fileRef = DA487BFE1B434C600057EFCC /* passenger-32.png */; };
		DA487C181B434C600057EFCC /* speedometer_filled-32.png in Resources */ = {isa = PBXBuildFile; fileRef = DA487BFF1B434C600057EFCC /* speedometer_filled-32.png */; };
		DA487C191B434C600057EFCC /* speedometer-32.png in Resources */ = {isa = PBXBuildFile; fileRef = DA487C001B434C600057EFCC /* speedometer-32.png */; };
		DA487C1A1B434C600057EFCC /* up_right-32.png in Resources */ = {isa = PBXBuildFile; fileRef = DA487C011B434C600057EFCC /* up_right-32.png */; };
		DA487C211B434C7A0057EFCC /* TaskQueue.swift in Sources */ = {isa = PBXBuildFile; fileRef = DA487C1C1B434C7A0057EFCC /* TaskQueue.swift */; };
		DA487C221B434C7A0057EFCC /* Util.swift in Sources */ = {isa = PBXBuildFile; fileRef = DA487C1D1B434C7A0057EFCC /* Util.swift */; };
		DA487C241B434C7A0057EFCC /* StringSplit.swift in Sources */ = {isa = PBXBuildFile; fileRef = DA487C1F1B434C7A0057EFCC /* StringSplit.swift */; };
		DA487C271B434C820057EFCC /* Logica.swift in Sources */ = {isa = PBXBuildFile; fileRef = DA487C261B434C820057EFCC /* Logica.swift */; };
		DA487C2B1B434C9E0057EFCC /* VariablesGlobales.swift in Sources */ = {isa = PBXBuildFile; fileRef = DA487C291B434C9E0057EFCC /* VariablesGlobales.swift */; };
		DA487C301B43516F0057EFCC /* Login_TableViewController.swift in Sources */ = {isa = PBXBuildFile; fileRef = DA487C2F1B43516F0057EFCC /* Login_TableViewController.swift */; };
		DA487C331B4354CF0057EFCC /* VuelosTableViewCell.swift in Sources */ = {isa = PBXBuildFile; fileRef = DA487C311B4354CF0057EFCC /* VuelosTableViewCell.swift */; };
		DA487C341B4354CF0057EFCC /* VuelosTableViewController.swift in Sources */ = {isa = PBXBuildFile; fileRef = DA487C321B4354CF0057EFCC /* VuelosTableViewController.swift */; };
		DA4E919A25FF0FE60092BF5F /* Package.swift in Sources */ = {isa = PBXBuildFile; fileRef = DA4E919925FF0FE60092BF5F /* Package.swift */; };
		DA5647931BD00CC1009EEB6A /* Turbo_Instrumentos_TableViewController.swift in Sources */ = {isa = PBXBuildFile; fileRef = DA5647911BD00CC1009EEB6A /* Turbo_Instrumentos_TableViewController.swift */; };
		DA597D0B1B6AB1880039C270 /* Bitacoras.plist in Resources */ = {isa = PBXBuildFile; fileRef = DA597D0A1B6AB1880039C270 /* Bitacoras.plist */; };
		DA6F80EB1B4AF300005DBCC0 /* Bitacoras_TableViewCell.swift in Sources */ = {isa = PBXBuildFile; fileRef = DA6F80E91B4AF300005DBCC0 /* Bitacoras_TableViewCell.swift */; };
		DA6F80EC1B4AF300005DBCC0 /* BitacorasViewController.swift in Sources */ = {isa = PBXBuildFile; fileRef = DA6F80EA1B4AF300005DBCC0 /* BitacorasViewController.swift */; };
		DA7D7ECE1B471A3E003CA928 /* PistonMono_Instrumentos_TableViewController.swift in Sources */ = {isa = PBXBuildFile; fileRef = DA7D7ECA1B471A3E003CA928 /* PistonMono_Instrumentos_TableViewController.swift */; };
		DA7D7ECF1B471A3E003CA928 /* PistonMono_Pasajeros_ViewController.swift in Sources */ = {isa = PBXBuildFile; fileRef = DA7D7ECB1B471A3E003CA928 /* PistonMono_Pasajeros_ViewController.swift */; };
		DA7D7ED01B471A3E003CA928 /* Pasajeros_TableViewCell.swift in Sources */ = {isa = PBXBuildFile; fileRef = DA7D7ECC1B471A3E003CA928 /* Pasajeros_TableViewCell.swift */; };
		DA7EC50F1BD534A9007ED2CE /* RIButtonItem.m in Sources */ = {isa = PBXBuildFile; fileRef = DA7EC50A1BD534A9007ED2CE /* RIButtonItem.m */; };
		DA7EC5101BD534A9007ED2CE /* UIActionSheet+Blocks.m in Sources */ = {isa = PBXBuildFile; fileRef = DA7EC50C1BD534A9007ED2CE /* UIActionSheet+Blocks.m */; };
		DA7EC5111BD534A9007ED2CE /* UIAlertView+Blocks.m in Sources */ = {isa = PBXBuildFile; fileRef = DA7EC50E1BD534A9007ED2CE /* UIAlertView+Blocks.m */; };
		DA7EC5511BD53A13007ED2CE /* UpdateManager.m in Sources */ = {isa = PBXBuildFile; fileRef = DA7EC5501BD53A13007ED2CE /* UpdateManager.m */; };
		DA7EC5651BD53FC5007ED2CE /* AFHTTPRequestOperation.m in Sources */ = {isa = PBXBuildFile; fileRef = DA7EC5531BD53FC5007ED2CE /* AFHTTPRequestOperation.m */; };
		DA7EC5661BD53FC5007ED2CE /* AFHTTPRequestOperationManager.m in Sources */ = {isa = PBXBuildFile; fileRef = DA7EC5551BD53FC5007ED2CE /* AFHTTPRequestOperationManager.m */; };
		DA7EC5671BD53FC5007ED2CE /* AFHTTPSessionManager.m in Sources */ = {isa = PBXBuildFile; fileRef = DA7EC5571BD53FC5007ED2CE /* AFHTTPSessionManager.m */; };
		DA7EC5681BD53FC5007ED2CE /* AFNetworkReachabilityManager.m in Sources */ = {isa = PBXBuildFile; fileRef = DA7EC55A1BD53FC5007ED2CE /* AFNetworkReachabilityManager.m */; };
		DA7EC5691BD53FC5007ED2CE /* AFSecurityPolicy.m in Sources */ = {isa = PBXBuildFile; fileRef = DA7EC55C1BD53FC5007ED2CE /* AFSecurityPolicy.m */; };
		DA7EC56A1BD53FC5007ED2CE /* AFURLConnectionOperation.m in Sources */ = {isa = PBXBuildFile; fileRef = DA7EC55E1BD53FC5007ED2CE /* AFURLConnectionOperation.m */; };
		DA7EC56B1BD53FC5007ED2CE /* AFURLRequestSerialization.m in Sources */ = {isa = PBXBuildFile; fileRef = DA7EC5601BD53FC5007ED2CE /* AFURLRequestSerialization.m */; };
		DA7EC56C1BD53FC5007ED2CE /* AFURLResponseSerialization.m in Sources */ = {isa = PBXBuildFile; fileRef = DA7EC5621BD53FC5007ED2CE /* AFURLResponseSerialization.m */; };
		DA7EC56D1BD53FC5007ED2CE /* AFURLSessionManager.m in Sources */ = {isa = PBXBuildFile; fileRef = DA7EC5641BD53FC5007ED2CE /* AFURLSessionManager.m */; };
		DA80DE4A1C1115F1003EAB79 /* Master.storyboard in Resources */ = {isa = PBXBuildFile; fileRef = DA80DE491C1115F1003EAB79 /* Master.storyboard */; };
		DA86C6C11B8AAC2A00C16672 /* airplane-57-256.png in Resources */ = {isa = PBXBuildFile; fileRef = DA86C6C01B8AAC2A00C16672 /* airplane-57-256.png */; };
		DA86C6C31B8ACF4900C16672 /* AjustesTableViewController.swift in Sources */ = {isa = PBXBuildFile; fileRef = DA86C6C21B8ACF4900C16672 /* AjustesTableViewController.swift */; };
		DA8944B01B4D85880005FE7E /* Default-568h@2x.png in Resources */ = {isa = PBXBuildFile; fileRef = DA8944AF1B4D85880005FE7E /* Default-568h@2x.png */; };
		DA8944B21B4F2FB90005FE7E /* EligeMatriculaViewController.swift in Sources */ = {isa = PBXBuildFile; fileRef = DA8944B11B4F2FB90005FE7E /* EligeMatriculaViewController.swift */; };
		DA8DE5551CBEB75A00C3A66E /* Turbo_BiMotor_Instrumentos_TableViewController.swift in Sources */ = {isa = PBXBuildFile; fileRef = DA8DE5541CBEB75A00C3A66E /* Turbo_BiMotor_Instrumentos_TableViewController.swift */; };
		DA96D0AE1C12154300DB2AEE /* Main2.storyboard in Resources */ = {isa = PBXBuildFile; fileRef = DA96D0AC1C12154200DB2AEE /* Main2.storyboard */; };
		DA98262A1EBB79A8003B6674 /* Datos+CoreDataClass.swift in Sources */ = {isa = PBXBuildFile; fileRef = DA9826121EBB79A8003B6674 /* Datos+CoreDataClass.swift */; };
		DA98262B1EBB79A8003B6674 /* Datos+CoreDataProperties.swift in Sources */ = {isa = PBXBuildFile; fileRef = DA9826131EBB79A8003B6674 /* Datos+CoreDataProperties.swift */; };
		DA98262C1EBB79A8003B6674 /* BitacorasPax+CoreDataClass.swift in Sources */ = {isa = PBXBuildFile; fileRef = DA9826141EBB79A8003B6674 /* BitacorasPax+CoreDataClass.swift */; };
		DA98262D1EBB79A8003B6674 /* BitacorasPax+CoreDataProperties.swift in Sources */ = {isa = PBXBuildFile; fileRef = DA9826151EBB79A8003B6674 /* BitacorasPax+CoreDataProperties.swift */; };
		DA98262E1EBB79A8003B6674 /* TaxiAereoMatriculas+CoreDataClass.swift in Sources */ = {isa = PBXBuildFile; fileRef = DA9826161EBB79A8003B6674 /* TaxiAereoMatriculas+CoreDataClass.swift */; };
		DA9826301EBB79A8003B6674 /* VuelosPasajeros+CoreDataClass.swift in Sources */ = {isa = PBXBuildFile; fileRef = DA9826181EBB79A8003B6674 /* VuelosPasajeros+CoreDataClass.swift */; };
		DA9826311EBB79A8003B6674 /* VuelosPasajeros+CoreDataProperties.swift in Sources */ = {isa = PBXBuildFile; fileRef = DA9826191EBB79A8003B6674 /* VuelosPasajeros+CoreDataProperties.swift */; };
		DA9826341EBB79A8003B6674 /* BitacorasDatos+CoreDataClass.swift in Sources */ = {isa = PBXBuildFile; fileRef = DA98261C1EBB79A8003B6674 /* BitacorasDatos+CoreDataClass.swift */; };
		DA9826351EBB79A8003B6674 /* BitacorasDatos+CoreDataProperties.swift in Sources */ = {isa = PBXBuildFile; fileRef = DA98261D1EBB79A8003B6674 /* BitacorasDatos+CoreDataProperties.swift */; };
		DA9826361EBB79A8003B6674 /* BitacorasInstrumentos+CoreDataClass.swift in Sources */ = {isa = PBXBuildFile; fileRef = DA98261E1EBB79A8003B6674 /* BitacorasInstrumentos+CoreDataClass.swift */; };
		DA9826371EBB79A8003B6674 /* BitacorasInstrumentos+CoreDataProperties.swift in Sources */ = {isa = PBXBuildFile; fileRef = DA98261F1EBB79A8003B6674 /* BitacorasInstrumentos+CoreDataProperties.swift */; };
		DA9826381EBB79A8003B6674 /* Ajustes+CoreDataClass.swift in Sources */ = {isa = PBXBuildFile; fileRef = DA9826201EBB79A8003B6674 /* Ajustes+CoreDataClass.swift */; };
		DA9826391EBB79A8003B6674 /* Ajustes+CoreDataProperties.swift in Sources */ = {isa = PBXBuildFile; fileRef = DA9826211EBB79A8003B6674 /* Ajustes+CoreDataProperties.swift */; };
		DA98263A1EBB79A8003B6674 /* BitacorasLegs+CoreDataClass.swift in Sources */ = {isa = PBXBuildFile; fileRef = DA9826221EBB79A8003B6674 /* BitacorasLegs+CoreDataClass.swift */; };
		DA98263B1EBB79A8003B6674 /* BitacorasLegs+CoreDataProperties.swift in Sources */ = {isa = PBXBuildFile; fileRef = DA9826231EBB79A8003B6674 /* BitacorasLegs+CoreDataProperties.swift */; };
		DA98263C1EBB79A8003B6674 /* Logs+CoreDataClass.swift in Sources */ = {isa = PBXBuildFile; fileRef = DA9826241EBB79A8003B6674 /* Logs+CoreDataClass.swift */; };
		DA98263D1EBB79A8003B6674 /* Logs+CoreDataProperties.swift in Sources */ = {isa = PBXBuildFile; fileRef = DA9826251EBB79A8003B6674 /* Logs+CoreDataProperties.swift */; };
		DA9826401EBB79A8003B6674 /* Bitacoras+CoreDataClass.swift in Sources */ = {isa = PBXBuildFile; fileRef = DA9826281EBB79A8003B6674 /* Bitacoras+CoreDataClass.swift */; };
		DA9960551B8CCB9A00F77A57 /* Main.storyboard in Resources */ = {isa = PBXBuildFile; fileRef = DA9960571B8CCB9A00F77A57 /* Main.storyboard */; };
		DA99605B1B8CDB1900F77A57 /* LoginViewController.swift in Sources */ = {isa = PBXBuildFile; fileRef = DA99605A1B8CDB1900F77A57 /* LoginViewController.swift */; };
		DA9CDE45261EB5D900112966 /* Colors.swift in Sources */ = {isa = PBXBuildFile; fileRef = DA9CDE44261EB5D900112966 /* Colors.swift */; };
		DAA65E0D1CEA353300CBE514 /* TVC_AvionViewTableViewController.swift in Sources */ = {isa = PBXBuildFile; fileRef = DAA65E0C1CEA353300CBE514 /* TVC_AvionViewTableViewController.swift */; };
		DAA65E121CEA403500CBE514 /* SystemConfiguration.framework in Frameworks */ = {isa = PBXBuildFile; fileRef = DAA65E111CEA403500CBE514 /* SystemConfiguration.framework */; };
		DAA93D7C1BC6C1E800EA034F /* bullish-25.png in Resources */ = {isa = PBXBuildFile; fileRef = DAA93D7B1BC6C1E800EA034F /* bullish-25.png */; };
		DAAB2E401C46AADD00C2A138 /* archive.png in Resources */ = {isa = PBXBuildFile; fileRef = DAAB2E3F1C46AADD00C2A138 /* archive.png */; };
		DAAB2E421C46AD6500C2A138 /* ReportesTableViewController.swift in Sources */ = {isa = PBXBuildFile; fileRef = DAAB2E411C46AD6500C2A138 /* ReportesTableViewController.swift */; };
		DAAB2E441C46AE5B00C2A138 /* bookmark.png in Resources */ = {isa = PBXBuildFile; fileRef = DAAB2E431C46AE5B00C2A138 /* bookmark.png */; };
		DAAB2E471C46B18A00C2A138 /* Calendar_2.png in Resources */ = {isa = PBXBuildFile; fileRef = DAAB2E451C46B18A00C2A138 /* Calendar_2.png */; };
		DAAB2E481C46B18A00C2A138 /* Calendar.png in Resources */ = {isa = PBXBuildFile; fileRef = DAAB2E461C46B18A00C2A138 /* Calendar.png */; };
		DAAB2E4A1C46BEAA00C2A138 /* EstadisticasTableViewController.swift in Sources */ = {isa = PBXBuildFile; fileRef = DAAB2E491C46BEAA00C2A138 /* EstadisticasTableViewController.swift */; };
		DABE4DE91DD2AC9A0066C6F1 /* Loading.swift in Sources */ = {isa = PBXBuildFile; fileRef = DABE4DE81DD2AC9A0066C6F1 /* Loading.swift */; };
		DAC470A51BBEF722007AFA32 /* SwiftSpinner.swift in Sources */ = {isa = PBXBuildFile; fileRef = DAC470A41BBEF722007AFA32 /* SwiftSpinner.swift */; };
		DAC6CAB01CB028DB00C71E71 /* CoreDataStack.swift in Sources */ = {isa = PBXBuildFile; fileRef = DAC6CAAF1CB028DB00C71E71 /* CoreDataStack.swift */; };
		DACB3D3E1B857E050004F218 /* tools_32.png in Resources */ = {isa = PBXBuildFile; fileRef = DACB3D3D1B857E050004F218 /* tools_32.png */; };
		DAD285B71CC1A69000443D55 /* CoreDataHelper.swift in Sources */ = {isa = PBXBuildFile; fileRef = DAD285B61CC1A69000443D55 /* CoreDataHelper.swift */; };
		DAE0F40A1CF3B02B0084E7A1 /* DBAlertController.swift in Sources */ = {isa = PBXBuildFile; fileRef = DAE0F4091CF3B02B0084E7A1 /* DBAlertController.swift */; };
		DAE4D3141CBADB5E00F28528 /* DatePickerDialog.swift in Sources */ = {isa = PBXBuildFile; fileRef = DAE4D3131CBADB5E00F28528 /* DatePickerDialog.swift */; };
		DAE4D3161CBADDAD00F28528 /* LauncViewController.swift in Sources */ = {isa = PBXBuildFile; fileRef = DAE4D3151CBADDAD00F28528 /* LauncViewController.swift */; };
		DAECAD441BC80D4E0000172B /* Jet_Instrumentos_TableViewController.swift in Sources */ = {isa = PBXBuildFile; fileRef = DAECAD421BC80D4E0000172B /* Jet_Instrumentos_TableViewController.swift */; };
/* End PBXBuildFile section */

/* Begin PBXContainerItemProxy section */
		DA487BD21B434A910057EFCC /* PBXContainerItemProxy */ = {
			isa = PBXContainerItemProxy;
			containerPortal = DA487BB11B434A910057EFCC /* Project object */;
			proxyType = 1;
			remoteGlobalIDString = DA487BB81B434A910057EFCC;
			remoteInfo = Bitacoras;
		};
/* End PBXContainerItemProxy section */

/* Begin PBXFileReference section */
		1AB547CA208A3256006D4BF1 /* Bitacoras 18.xcdatamodel */ = {isa = PBXFileReference; lastKnownFileType = wrapper.xcdatamodel; path = "Bitacoras 18.xcdatamodel"; sourceTree = "<group>"; };
		1AB547CB208A32F7006D4BF1 /* TaxiAereoMatriculas+CoreDataProperties.swift */ = {isa = PBXFileReference; lastKnownFileType = sourcecode.swift; path = "TaxiAereoMatriculas+CoreDataProperties.swift"; sourceTree = "<group>"; };
		286E5CA4259BD6B700F4A248 /* Success.png */ = {isa = PBXFileReference; lastKnownFileType = image.png; path = Success.png; sourceTree = "<group>"; };
		286E5CA6259BD6BC00F4A248 /* Failure.png */ = {isa = PBXFileReference; lastKnownFileType = image.png; path = Failure.png; sourceTree = "<group>"; };
		286E5CA8259BDFDA00F4A248 /* Login.swift */ = {isa = PBXFileReference; lastKnownFileType = sourcecode.swift; path = Login.swift; sourceTree = "<group>"; };
		5D59C7C71EC4D72D005C78C8 /* Bitacoras 16.xcdatamodel */ = {isa = PBXFileReference; lastKnownFileType = wrapper.xcdatamodel; path = "Bitacoras 16.xcdatamodel"; sourceTree = "<group>"; };
		5D59C7C91EC4DC66005C78C8 /* Pilotos+CoreDataClass.swift */ = {isa = PBXFileReference; fileEncoding = 4; lastKnownFileType = sourcecode.swift; path = "Pilotos+CoreDataClass.swift"; sourceTree = "<group>"; };
		5D59C7CA1EC4DC66005C78C8 /* Pilotos+CoreDataProperties.swift */ = {isa = PBXFileReference; fileEncoding = 4; lastKnownFileType = sourcecode.swift; path = "Pilotos+CoreDataProperties.swift"; sourceTree = "<group>"; };
		5D59C7CE1EC4DCEE005C78C8 /* AvionesAsignados+CoreDataClass.swift */ = {isa = PBXFileReference; fileEncoding = 4; lastKnownFileType = sourcecode.swift; path = "AvionesAsignados+CoreDataClass.swift"; sourceTree = "<group>"; };
		5D59C7CF1EC4DCEE005C78C8 /* AvionesAsignados+CoreDataProperties.swift */ = {isa = PBXFileReference; fileEncoding = 4; lastKnownFileType = sourcecode.swift; path = "AvionesAsignados+CoreDataProperties.swift"; sourceTree = "<group>"; };
		5D6D43CB1F23C4000069F57A /* Bitacoras 17.xcdatamodel */ = {isa = PBXFileReference; lastKnownFileType = wrapper.xcdatamodel; path = "Bitacoras 17.xcdatamodel"; sourceTree = "<group>"; };
		5D6D43CC1F23C4520069F57A /* Vuelos+CoreDataClass.swift */ = {isa = PBXFileReference; fileEncoding = 4; lastKnownFileType = sourcecode.swift; name = "Vuelos+CoreDataClass.swift"; path = "../Vuelos+CoreDataClass.swift"; sourceTree = "<group>"; };
		5D6D43CD1F23C4520069F57A /* Vuelos+CoreDataProperties.swift */ = {isa = PBXFileReference; fileEncoding = 4; lastKnownFileType = sourcecode.swift; name = "Vuelos+CoreDataProperties.swift"; path = "../Vuelos+CoreDataProperties.swift"; sourceTree = "<group>"; };
		5D710BEF1ECCDA1200B8D9CD /* Bitacoras+CoreDataProperties.swift */ = {isa = PBXFileReference; fileEncoding = 4; lastKnownFileType = sourcecode.swift; path = "Bitacoras+CoreDataProperties.swift"; sourceTree = "<group>"; };
		DA00B97C1CB46C3300B9160B /* Bitacoras 9.xcdatamodel */ = {isa = PBXFileReference; lastKnownFileType = wrapper.xcdatamodel; path = "Bitacoras 9.xcdatamodel"; sourceTree = "<group>"; };
		DA00B9A11CB47C9400B9160B /* Bitacoras 10.xcdatamodel */ = {isa = PBXFileReference; lastKnownFileType = wrapper.xcdatamodel; path = "Bitacoras 10.xcdatamodel"; sourceTree = "<group>"; };
		DA0346BA1CE53E360011855A /* TVC_AvionesTableViewController.swift */ = {isa = PBXFileReference; fileEncoding = 4; lastKnownFileType = sourcecode.swift; name = TVC_AvionesTableViewController.swift; path = BItacoras/TVC_AvionesTableViewController.swift; sourceTree = SOURCE_ROOT; };
		DA0346BC1CE6297A0011855A /* TVC_AvionesTableViewCell.swift */ = {isa = PBXFileReference; fileEncoding = 4; lastKnownFileType = sourcecode.swift; name = TVC_AvionesTableViewCell.swift; path = BItacoras/TVC_AvionesTableViewCell.swift; sourceTree = SOURCE_ROOT; };
		DA0477B31C6F946100CBC435 /* Bitacoras 7.xcdatamodel */ = {isa = PBXFileReference; lastKnownFileType = wrapper.xcdatamodel; path = "Bitacoras 7.xcdatamodel"; sourceTree = "<group>"; };
		DA1073F01CF0A17400974DB4 /* TVC_InformacionVueloViewController.swift */ = {isa = PBXFileReference; fileEncoding = 4; lastKnownFileType = sourcecode.swift; path = TVC_InformacionVueloViewController.swift; sourceTree = "<group>"; };
		DA1073F21CF0A31500974DB4 /* TVC_VuelosPasajerosTableViewCell.swift */ = {isa = PBXFileReference; fileEncoding = 4; lastKnownFileType = sourcecode.swift; path = TVC_VuelosPasajerosTableViewCell.swift; sourceTree = "<group>"; };
		DA1236FF26000B99003C261D /* msgAlert.swift */ = {isa = PBXFileReference; lastKnownFileType = sourcecode.swift; path = msgAlert.swift; sourceTree = "<group>"; };
		DA12370726005A32003C261D /* logoFlightBook.png */ = {isa = PBXFileReference; lastKnownFileType = image.png; path = logoFlightBook.png; sourceTree = "<group>"; };
		DA1304E51C45C8A2008B92E1 /* books-24.png */ = {isa = PBXFileReference; lastKnownFileType = image.png; path = "books-24.png"; sourceTree = "<group>"; };
		DA1EBE021DAD328400C16447 /* synced_ok.png */ = {isa = PBXFileReference; lastKnownFileType = image.png; path = synced_ok.png; sourceTree = "<group>"; };
		DA1F11E91BF55DC40040D749 /* Reachability.swift */ = {isa = PBXFileReference; fileEncoding = 4; lastKnownFileType = sourcecode.swift; path = Reachability.swift; sourceTree = "<group>"; };
		DA1F11EB1BF55F650040D749 /* Reachability.h */ = {isa = PBXFileReference; lastKnownFileType = sourcecode.c.h; path = Reachability.h; sourceTree = "<group>"; };
		DA1F4B7D1C6AAA7500E10203 /* TextField.swift */ = {isa = PBXFileReference; fileEncoding = 4; lastKnownFileType = sourcecode.swift; path = TextField.swift; sourceTree = "<group>"; };
		DA21D5111CEFCC8500A22F69 /* TVC_VuelosPasajerosTableViewController.swift */ = {isa = PBXFileReference; fileEncoding = 4; lastKnownFileType = sourcecode.swift; path = TVC_VuelosPasajerosTableViewController.swift; sourceTree = "<group>"; };
		DA261FEF1C6B8EE100C402D8 /* TVC_TramosTableViewController.swift */ = {isa = PBXFileReference; fileEncoding = 4; lastKnownFileType = sourcecode.swift; path = TVC_TramosTableViewController.swift; sourceTree = "<group>"; };
		DA2705041D9B2F7800D56E6F /* no_sync.png */ = {isa = PBXFileReference; lastKnownFileType = image.png; path = no_sync.png; sourceTree = "<group>"; };
		DA358F261CB886730081102F /* twitter logo mask.png */ = {isa = PBXFileReference; lastKnownFileType = image.png; path = "twitter logo mask.png"; sourceTree = "<group>"; };
		DA358F271CB886730081102F /* twitterscreen.PNG */ = {isa = PBXFileReference; lastKnownFileType = image.png; path = twitterscreen.PNG; sourceTree = "<group>"; };
		DA358F2A1CB8892B0081102F /* Launch Screen.storyboard */ = {isa = PBXFileReference; fileEncoding = 4; lastKnownFileType = file.storyboard; path = "Launch Screen.storyboard"; sourceTree = "<group>"; };
		DA3D698A1D83623A00EA1BB5 /* Bitacoras 14.xcdatamodel */ = {isa = PBXFileReference; lastKnownFileType = wrapper.xcdatamodel; path = "Bitacoras 14.xcdatamodel"; sourceTree = "<group>"; };
		DA3ECF2E1DA2AC4F00CEB84D /* Notificacion.swift */ = {isa = PBXFileReference; fileEncoding = 4; lastKnownFileType = sourcecode.swift; path = Notificacion.swift; sourceTree = "<group>"; };
		DA487BB91B434A910057EFCC /* Bitacoras.app */ = {isa = PBXFileReference; explicitFileType = wrapper.application; includeInIndex = 0; path = Bitacoras.app; sourceTree = BUILT_PRODUCTS_DIR; };
		DA487BBD1B434A910057EFCC /* Info.plist */ = {isa = PBXFileReference; lastKnownFileType = text.plist.xml; path = Info.plist; sourceTree = "<group>"; };
		DA487BBE1B434A910057EFCC /* AppDelegate.swift */ = {isa = PBXFileReference; lastKnownFileType = sourcecode.swift; path = AppDelegate.swift; sourceTree = "<group>"; };
		DA487BD11B434A910057EFCC /* BitacorasTests.xctest */ = {isa = PBXFileReference; explicitFileType = wrapper.cfbundle; includeInIndex = 0; path = BitacorasTests.xctest; sourceTree = BUILT_PRODUCTS_DIR; };
		DA487BD61B434A910057EFCC /* Info.plist */ = {isa = PBXFileReference; lastKnownFileType = text.plist.xml; path = Info.plist; sourceTree = "<group>"; };
		DA487BD71B434A910057EFCC /* BitacorasTests.swift */ = {isa = PBXFileReference; lastKnownFileType = sourcecode.swift; path = BitacorasTests.swift; sourceTree = "<group>"; };
		DA487BE21B434ACA0057EFCC /* Bitacoras.xcdatamodel */ = {isa = PBXFileReference; lastKnownFileType = wrapper.xcdatamodel; path = Bitacoras.xcdatamodel; sourceTree = "<group>"; };
		DA487BE61B434C510057EFCC /* Images.xcassets */ = {isa = PBXFileReference; lastKnownFileType = folder.assetcatalog; path = Images.xcassets; sourceTree = "<group>"; };
		DA487BE91B434C600057EFCC /* 111-user.png */ = {isa = PBXFileReference; lastKnownFileType = image.png; path = "111-user.png"; sourceTree = "<group>"; };
		DA487BEA1B434C600057EFCC /* 54-lock.png */ = {isa = PBXFileReference; lastKnownFileType = image.png; path = "54-lock.png"; sourceTree = "<group>"; };
		DA487BEF1B434C600057EFCC /* airplane_filled-32.png */ = {isa = PBXFileReference; lastKnownFileType = image.png; path = "airplane_filled-32.png"; sourceTree = "<group>"; };
		DA487BF01B434C600057EFCC /* airplane_take_off_filled-32.png */ = {isa = PBXFileReference; lastKnownFileType = image.png; path = "airplane_take_off_filled-32.png"; sourceTree = "<group>"; };
		DA487BF11B434C600057EFCC /* airplane_take_off_filled-50.png */ = {isa = PBXFileReference; lastKnownFileType = image.png; path = "airplane_take_off_filled-50.png"; sourceTree = "<group>"; };
		DA487BF21B434C600057EFCC /* airplane_take_off-32.png */ = {isa = PBXFileReference; lastKnownFileType = image.png; path = "airplane_take_off-32.png"; sourceTree = "<group>"; };
		DA487BF31B434C600057EFCC /* airplane-32.png */ = {isa = PBXFileReference; lastKnownFileType = image.png; path = "airplane-32.png"; sourceTree = "<group>"; };
		DA487BF41B434C600057EFCC /* arrow400.png */ = {isa = PBXFileReference; lastKnownFileType = image.png; path = arrow400.png; sourceTree = "<group>"; };
		DA487BF51B434C600057EFCC /* arrow425.png */ = {isa = PBXFileReference; lastKnownFileType = image.png; path = arrow425.png; sourceTree = "<group>"; };
		DA487BF61B434C600057EFCC /* customs_officer-32.png */ = {isa = PBXFileReference; lastKnownFileType = image.png; path = "customs_officer-32.png"; sourceTree = "<group>"; };
		DA487BF71B434C600057EFCC /* landing_filled-32.png */ = {isa = PBXFileReference; lastKnownFileType = image.png; path = "landing_filled-32.png"; sourceTree = "<group>"; };
		DA487BF81B434C600057EFCC /* landing_filled-50.png */ = {isa = PBXFileReference; lastKnownFileType = image.png; path = "landing_filled-50.png"; sourceTree = "<group>"; };
		DA487BF91B434C600057EFCC /* landing-32.png */ = {isa = PBXFileReference; lastKnownFileType = image.png; path = "landing-32.png"; sourceTree = "<group>"; };
		DA487BFA1B434C600057EFCC /* left3-32.png */ = {isa = PBXFileReference; lastKnownFileType = image.png; path = "left3-32.png"; sourceTree = "<group>"; };
		DA487BFB1B434C600057EFCC /* lock_32.png */ = {isa = PBXFileReference; lastKnownFileType = image.png; path = lock_32.png; sourceTree = "<group>"; };
		DA487BFC1B434C600057EFCC /* lock_open_32.png */ = {isa = PBXFileReference; lastKnownFileType = image.png; path = lock_open_32.png; sourceTree = "<group>"; };
		DA487BFD1B434C600057EFCC /* passenger_filled-32.png */ = {isa = PBXFileReference; lastKnownFileType = image.png; path = "passenger_filled-32.png"; sourceTree = "<group>"; };
		DA487BFE1B434C600057EFCC /* passenger-32.png */ = {isa = PBXFileReference; lastKnownFileType = image.png; path = "passenger-32.png"; sourceTree = "<group>"; };
		DA487BFF1B434C600057EFCC /* speedometer_filled-32.png */ = {isa = PBXFileReference; lastKnownFileType = image.png; path = "speedometer_filled-32.png"; sourceTree = "<group>"; };
		DA487C001B434C600057EFCC /* speedometer-32.png */ = {isa = PBXFileReference; lastKnownFileType = image.png; path = "speedometer-32.png"; sourceTree = "<group>"; };
		DA487C011B434C600057EFCC /* up_right-32.png */ = {isa = PBXFileReference; lastKnownFileType = image.png; path = "up_right-32.png"; sourceTree = "<group>"; };
		DA487C1C1B434C7A0057EFCC /* TaskQueue.swift */ = {isa = PBXFileReference; fileEncoding = 4; lastKnownFileType = sourcecode.swift; path = TaskQueue.swift; sourceTree = "<group>"; };
		DA487C1D1B434C7A0057EFCC /* Util.swift */ = {isa = PBXFileReference; fileEncoding = 4; lastKnownFileType = sourcecode.swift; path = Util.swift; sourceTree = "<group>"; };
		DA487C1F1B434C7A0057EFCC /* StringSplit.swift */ = {isa = PBXFileReference; fileEncoding = 4; lastKnownFileType = sourcecode.swift; path = StringSplit.swift; sourceTree = "<group>"; };
		DA487C261B434C820057EFCC /* Logica.swift */ = {isa = PBXFileReference; fileEncoding = 4; lastKnownFileType = sourcecode.swift; path = Logica.swift; sourceTree = "<group>"; };
		DA487C291B434C9E0057EFCC /* VariablesGlobales.swift */ = {isa = PBXFileReference; fileEncoding = 4; lastKnownFileType = sourcecode.swift; path = VariablesGlobales.swift; sourceTree = "<group>"; };
		DA487C2F1B43516F0057EFCC /* Login_TableViewController.swift */ = {isa = PBXFileReference; fileEncoding = 4; lastKnownFileType = sourcecode.swift; path = Login_TableViewController.swift; sourceTree = "<group>"; };
		DA487C311B4354CF0057EFCC /* VuelosTableViewCell.swift */ = {isa = PBXFileReference; fileEncoding = 4; lastKnownFileType = sourcecode.swift; path = VuelosTableViewCell.swift; sourceTree = "<group>"; };
		DA487C321B4354CF0057EFCC /* VuelosTableViewController.swift */ = {isa = PBXFileReference; fileEncoding = 4; lastKnownFileType = sourcecode.swift; path = VuelosTableViewController.swift; sourceTree = "<group>"; };
		DA4B81081D903481003A20E7 /* Bitacoras.entitlements */ = {isa = PBXFileReference; lastKnownFileType = text.plist.entitlements; path = Bitacoras.entitlements; sourceTree = "<group>"; };
		DA4E919925FF0FE60092BF5F /* Package.swift */ = {isa = PBXFileReference; lastKnownFileType = sourcecode.swift; path = Package.swift; sourceTree = "<group>"; };
		DA5647911BD00CC1009EEB6A /* Turbo_Instrumentos_TableViewController.swift */ = {isa = PBXFileReference; fileEncoding = 4; lastKnownFileType = sourcecode.swift; path = Turbo_Instrumentos_TableViewController.swift; sourceTree = "<group>"; };
		DA597D0A1B6AB1880039C270 /* Bitacoras.plist */ = {isa = PBXFileReference; fileEncoding = 4; lastKnownFileType = text.plist.xml; path = Bitacoras.plist; sourceTree = "<group>"; };
		DA65FDE51CECFA4900ED024A /* OneSignal.framework */ = {isa = PBXFileReference; lastKnownFileType = wrapper.framework; path = OneSignal.framework; sourceTree = "<group>"; };
		DA6F80E91B4AF300005DBCC0 /* Bitacoras_TableViewCell.swift */ = {isa = PBXFileReference; fileEncoding = 4; lastKnownFileType = sourcecode.swift; path = Bitacoras_TableViewCell.swift; sourceTree = "<group>"; };
		DA6F80EA1B4AF300005DBCC0 /* BitacorasViewController.swift */ = {isa = PBXFileReference; fileEncoding = 4; lastKnownFileType = sourcecode.swift; path = BitacorasViewController.swift; sourceTree = "<group>"; };
		DA731A6D1CC557C000593601 /* Bitacoras 13.xcdatamodel */ = {isa = PBXFileReference; lastKnownFileType = wrapper.xcdatamodel; path = "Bitacoras 13.xcdatamodel"; sourceTree = "<group>"; };
		DA7D7ECA1B471A3E003CA928 /* PistonMono_Instrumentos_TableViewController.swift */ = {isa = PBXFileReference; fileEncoding = 4; lastKnownFileType = sourcecode.swift; path = PistonMono_Instrumentos_TableViewController.swift; sourceTree = "<group>"; };
		DA7D7ECB1B471A3E003CA928 /* PistonMono_Pasajeros_ViewController.swift */ = {isa = PBXFileReference; fileEncoding = 4; lastKnownFileType = sourcecode.swift; path = PistonMono_Pasajeros_ViewController.swift; sourceTree = "<group>"; };
		DA7D7ECC1B471A3E003CA928 /* Pasajeros_TableViewCell.swift */ = {isa = PBXFileReference; fileEncoding = 4; lastKnownFileType = sourcecode.swift; path = Pasajeros_TableViewCell.swift; sourceTree = "<group>"; };
		DA7EC5091BD534A9007ED2CE /* RIButtonItem.h */ = {isa = PBXFileReference; fileEncoding = 4; lastKnownFileType = sourcecode.c.h; path = RIButtonItem.h; sourceTree = "<group>"; };
		DA7EC50A1BD534A9007ED2CE /* RIButtonItem.m */ = {isa = PBXFileReference; fileEncoding = 4; lastKnownFileType = sourcecode.c.objc; path = RIButtonItem.m; sourceTree = "<group>"; };
		DA7EC50B1BD534A9007ED2CE /* UIActionSheet+Blocks.h */ = {isa = PBXFileReference; fileEncoding = 4; lastKnownFileType = sourcecode.c.h; path = "UIActionSheet+Blocks.h"; sourceTree = "<group>"; };
		DA7EC50C1BD534A9007ED2CE /* UIActionSheet+Blocks.m */ = {isa = PBXFileReference; fileEncoding = 4; lastKnownFileType = sourcecode.c.objc; path = "UIActionSheet+Blocks.m"; sourceTree = "<group>"; };
		DA7EC50D1BD534A9007ED2CE /* UIAlertView+Blocks.h */ = {isa = PBXFileReference; fileEncoding = 4; lastKnownFileType = sourcecode.c.h; path = "UIAlertView+Blocks.h"; sourceTree = "<group>"; };
		DA7EC50E1BD534A9007ED2CE /* UIAlertView+Blocks.m */ = {isa = PBXFileReference; fileEncoding = 4; lastKnownFileType = sourcecode.c.objc; path = "UIAlertView+Blocks.m"; sourceTree = "<group>"; };
		DA7EC54F1BD53A0A007ED2CE /* UpdateManager.h */ = {isa = PBXFileReference; lastKnownFileType = sourcecode.c.h; path = UpdateManager.h; sourceTree = "<group>"; };
		DA7EC5501BD53A13007ED2CE /* UpdateManager.m */ = {isa = PBXFileReference; fileEncoding = 4; lastKnownFileType = sourcecode.c.objc; path = UpdateManager.m; sourceTree = "<group>"; };
		DA7EC5521BD53FC5007ED2CE /* AFHTTPRequestOperation.h */ = {isa = PBXFileReference; fileEncoding = 4; lastKnownFileType = sourcecode.c.h; path = AFHTTPRequestOperation.h; sourceTree = "<group>"; };
		DA7EC5531BD53FC5007ED2CE /* AFHTTPRequestOperation.m */ = {isa = PBXFileReference; fileEncoding = 4; lastKnownFileType = sourcecode.c.objc; path = AFHTTPRequestOperation.m; sourceTree = "<group>"; };
		DA7EC5541BD53FC5007ED2CE /* AFHTTPRequestOperationManager.h */ = {isa = PBXFileReference; fileEncoding = 4; lastKnownFileType = sourcecode.c.h; path = AFHTTPRequestOperationManager.h; sourceTree = "<group>"; };
		DA7EC5551BD53FC5007ED2CE /* AFHTTPRequestOperationManager.m */ = {isa = PBXFileReference; fileEncoding = 4; lastKnownFileType = sourcecode.c.objc; path = AFHTTPRequestOperationManager.m; sourceTree = "<group>"; };
		DA7EC5561BD53FC5007ED2CE /* AFHTTPSessionManager.h */ = {isa = PBXFileReference; fileEncoding = 4; lastKnownFileType = sourcecode.c.h; path = AFHTTPSessionManager.h; sourceTree = "<group>"; };
		DA7EC5571BD53FC5007ED2CE /* AFHTTPSessionManager.m */ = {isa = PBXFileReference; fileEncoding = 4; lastKnownFileType = sourcecode.c.objc; path = AFHTTPSessionManager.m; sourceTree = "<group>"; };
		DA7EC5581BD53FC5007ED2CE /* AFNetworking.h */ = {isa = PBXFileReference; fileEncoding = 4; lastKnownFileType = sourcecode.c.h; path = AFNetworking.h; sourceTree = "<group>"; };
		DA7EC5591BD53FC5007ED2CE /* AFNetworkReachabilityManager.h */ = {isa = PBXFileReference; fileEncoding = 4; lastKnownFileType = sourcecode.c.h; path = AFNetworkReachabilityManager.h; sourceTree = "<group>"; };
		DA7EC55A1BD53FC5007ED2CE /* AFNetworkReachabilityManager.m */ = {isa = PBXFileReference; fileEncoding = 4; lastKnownFileType = sourcecode.c.objc; path = AFNetworkReachabilityManager.m; sourceTree = "<group>"; };
		DA7EC55B1BD53FC5007ED2CE /* AFSecurityPolicy.h */ = {isa = PBXFileReference; fileEncoding = 4; lastKnownFileType = sourcecode.c.h; path = AFSecurityPolicy.h; sourceTree = "<group>"; };
		DA7EC55C1BD53FC5007ED2CE /* AFSecurityPolicy.m */ = {isa = PBXFileReference; fileEncoding = 4; lastKnownFileType = sourcecode.c.objc; path = AFSecurityPolicy.m; sourceTree = "<group>"; };
		DA7EC55D1BD53FC5007ED2CE /* AFURLConnectionOperation.h */ = {isa = PBXFileReference; fileEncoding = 4; lastKnownFileType = sourcecode.c.h; path = AFURLConnectionOperation.h; sourceTree = "<group>"; };
		DA7EC55E1BD53FC5007ED2CE /* AFURLConnectionOperation.m */ = {isa = PBXFileReference; fileEncoding = 4; lastKnownFileType = sourcecode.c.objc; path = AFURLConnectionOperation.m; sourceTree = "<group>"; };
		DA7EC55F1BD53FC5007ED2CE /* AFURLRequestSerialization.h */ = {isa = PBXFileReference; fileEncoding = 4; lastKnownFileType = sourcecode.c.h; path = AFURLRequestSerialization.h; sourceTree = "<group>"; };
		DA7EC5601BD53FC5007ED2CE /* AFURLRequestSerialization.m */ = {isa = PBXFileReference; fileEncoding = 4; lastKnownFileType = sourcecode.c.objc; path = AFURLRequestSerialization.m; sourceTree = "<group>"; };
		DA7EC5611BD53FC5007ED2CE /* AFURLResponseSerialization.h */ = {isa = PBXFileReference; fileEncoding = 4; lastKnownFileType = sourcecode.c.h; path = AFURLResponseSerialization.h; sourceTree = "<group>"; };
		DA7EC5621BD53FC5007ED2CE /* AFURLResponseSerialization.m */ = {isa = PBXFileReference; fileEncoding = 4; lastKnownFileType = sourcecode.c.objc; path = AFURLResponseSerialization.m; sourceTree = "<group>"; };
		DA7EC5631BD53FC5007ED2CE /* AFURLSessionManager.h */ = {isa = PBXFileReference; fileEncoding = 4; lastKnownFileType = sourcecode.c.h; path = AFURLSessionManager.h; sourceTree = "<group>"; };
		DA7EC5641BD53FC5007ED2CE /* AFURLSessionManager.m */ = {isa = PBXFileReference; fileEncoding = 4; lastKnownFileType = sourcecode.c.objc; path = AFURLSessionManager.m; sourceTree = "<group>"; };
		DA80DE491C1115F1003EAB79 /* Master.storyboard */ = {isa = PBXFileReference; fileEncoding = 4; lastKnownFileType = file.storyboard; path = Master.storyboard; sourceTree = "<group>"; };
		DA86C6C01B8AAC2A00C16672 /* airplane-57-256.png */ = {isa = PBXFileReference; lastKnownFileType = image.png; path = "airplane-57-256.png"; sourceTree = "<group>"; };
		DA86C6C21B8ACF4900C16672 /* AjustesTableViewController.swift */ = {isa = PBXFileReference; fileEncoding = 4; lastKnownFileType = sourcecode.swift; name = AjustesTableViewController.swift; path = BItacoras/AjustesTableViewController.swift; sourceTree = SOURCE_ROOT; };
		DA88DC371BF11F8800747E38 /* Bitacoras 6.xcdatamodel */ = {isa = PBXFileReference; lastKnownFileType = wrapper.xcdatamodel; path = "Bitacoras 6.xcdatamodel"; sourceTree = "<group>"; };
		DA8944AF1B4D85880005FE7E /* Default-568h@2x.png */ = {isa = PBXFileReference; lastKnownFileType = image.png; path = "Default-568h@2x.png"; sourceTree = "<group>"; };
		DA8944B11B4F2FB90005FE7E /* EligeMatriculaViewController.swift */ = {isa = PBXFileReference; fileEncoding = 4; lastKnownFileType = sourcecode.swift; path = EligeMatriculaViewController.swift; sourceTree = "<group>"; };
		DA8DE5541CBEB75A00C3A66E /* Turbo_BiMotor_Instrumentos_TableViewController.swift */ = {isa = PBXFileReference; fileEncoding = 4; lastKnownFileType = sourcecode.swift; path = Turbo_BiMotor_Instrumentos_TableViewController.swift; sourceTree = "<group>"; };
		DA8DE5561CBEB8B000C3A66E /* Bitacoras 12.xcdatamodel */ = {isa = PBXFileReference; lastKnownFileType = wrapper.xcdatamodel; path = "Bitacoras 12.xcdatamodel"; sourceTree = "<group>"; };
		DA96D0AD1C12154300DB2AEE /* Base */ = {isa = PBXFileReference; lastKnownFileType = file.storyboard; name = Base; path = Bitacoras/Base.lproj/Main2.storyboard; sourceTree = "<group>"; };
		DA97127C1CB5FE1800A04D18 /* Bitacoras 11.xcdatamodel */ = {isa = PBXFileReference; lastKnownFileType = wrapper.xcdatamodel; path = "Bitacoras 11.xcdatamodel"; sourceTree = "<group>"; };
		DA9826121EBB79A8003B6674 /* Datos+CoreDataClass.swift */ = {isa = PBXFileReference; fileEncoding = 4; lastKnownFileType = sourcecode.swift; path = "Datos+CoreDataClass.swift"; sourceTree = "<group>"; };
		DA9826131EBB79A8003B6674 /* Datos+CoreDataProperties.swift */ = {isa = PBXFileReference; fileEncoding = 4; lastKnownFileType = sourcecode.swift; path = "Datos+CoreDataProperties.swift"; sourceTree = "<group>"; };
		DA9826141EBB79A8003B6674 /* BitacorasPax+CoreDataClass.swift */ = {isa = PBXFileReference; fileEncoding = 4; lastKnownFileType = sourcecode.swift; path = "BitacorasPax+CoreDataClass.swift"; sourceTree = "<group>"; };
		DA9826151EBB79A8003B6674 /* BitacorasPax+CoreDataProperties.swift */ = {isa = PBXFileReference; fileEncoding = 4; lastKnownFileType = sourcecode.swift; path = "BitacorasPax+CoreDataProperties.swift"; sourceTree = "<group>"; };
		DA9826161EBB79A8003B6674 /* TaxiAereoMatriculas+CoreDataClass.swift */ = {isa = PBXFileReference; fileEncoding = 4; lastKnownFileType = sourcecode.swift; path = "TaxiAereoMatriculas+CoreDataClass.swift"; sourceTree = "<group>"; };
		DA9826181EBB79A8003B6674 /* VuelosPasajeros+CoreDataClass.swift */ = {isa = PBXFileReference; fileEncoding = 4; lastKnownFileType = sourcecode.swift; path = "VuelosPasajeros+CoreDataClass.swift"; sourceTree = "<group>"; };
		DA9826191EBB79A8003B6674 /* VuelosPasajeros+CoreDataProperties.swift */ = {isa = PBXFileReference; fileEncoding = 4; lastKnownFileType = sourcecode.swift; path = "VuelosPasajeros+CoreDataProperties.swift"; sourceTree = "<group>"; };
		DA98261C1EBB79A8003B6674 /* BitacorasDatos+CoreDataClass.swift */ = {isa = PBXFileReference; fileEncoding = 4; lastKnownFileType = sourcecode.swift; path = "BitacorasDatos+CoreDataClass.swift"; sourceTree = "<group>"; };
		DA98261D1EBB79A8003B6674 /* BitacorasDatos+CoreDataProperties.swift */ = {isa = PBXFileReference; fileEncoding = 4; lastKnownFileType = sourcecode.swift; path = "BitacorasDatos+CoreDataProperties.swift"; sourceTree = "<group>"; };
		DA98261E1EBB79A8003B6674 /* BitacorasInstrumentos+CoreDataClass.swift */ = {isa = PBXFileReference; fileEncoding = 4; lastKnownFileType = sourcecode.swift; path = "BitacorasInstrumentos+CoreDataClass.swift"; sourceTree = "<group>"; };
		DA98261F1EBB79A8003B6674 /* BitacorasInstrumentos+CoreDataProperties.swift */ = {isa = PBXFileReference; fileEncoding = 4; lastKnownFileType = sourcecode.swift; path = "BitacorasInstrumentos+CoreDataProperties.swift"; sourceTree = "<group>"; };
		DA9826201EBB79A8003B6674 /* Ajustes+CoreDataClass.swift */ = {isa = PBXFileReference; fileEncoding = 4; lastKnownFileType = sourcecode.swift; path = "Ajustes+CoreDataClass.swift"; sourceTree = "<group>"; };
		DA9826211EBB79A8003B6674 /* Ajustes+CoreDataProperties.swift */ = {isa = PBXFileReference; fileEncoding = 4; lastKnownFileType = sourcecode.swift; path = "Ajustes+CoreDataProperties.swift"; sourceTree = "<group>"; };
		DA9826221EBB79A8003B6674 /* BitacorasLegs+CoreDataClass.swift */ = {isa = PBXFileReference; fileEncoding = 4; lastKnownFileType = sourcecode.swift; path = "BitacorasLegs+CoreDataClass.swift"; sourceTree = "<group>"; };
		DA9826231EBB79A8003B6674 /* BitacorasLegs+CoreDataProperties.swift */ = {isa = PBXFileReference; fileEncoding = 4; lastKnownFileType = sourcecode.swift; path = "BitacorasLegs+CoreDataProperties.swift"; sourceTree = "<group>"; };
		DA9826241EBB79A8003B6674 /* Logs+CoreDataClass.swift */ = {isa = PBXFileReference; fileEncoding = 4; lastKnownFileType = sourcecode.swift; path = "Logs+CoreDataClass.swift"; sourceTree = "<group>"; };
		DA9826251EBB79A8003B6674 /* Logs+CoreDataProperties.swift */ = {isa = PBXFileReference; fileEncoding = 4; lastKnownFileType = sourcecode.swift; path = "Logs+CoreDataProperties.swift"; sourceTree = "<group>"; };
		DA9826281EBB79A8003B6674 /* Bitacoras+CoreDataClass.swift */ = {isa = PBXFileReference; fileEncoding = 4; lastKnownFileType = sourcecode.swift; path = "Bitacoras+CoreDataClass.swift"; sourceTree = "<group>"; };
		DA9960561B8CCB9A00F77A57 /* Base */ = {isa = PBXFileReference; lastKnownFileType = file.storyboard; name = Base; path = Base.lproj/Main.storyboard; sourceTree = "<group>"; };
		DA99605A1B8CDB1900F77A57 /* LoginViewController.swift */ = {isa = PBXFileReference; fileEncoding = 4; lastKnownFileType = sourcecode.swift; path = LoginViewController.swift; sourceTree = "<group>"; };
		DA9CDE44261EB5D900112966 /* Colors.swift */ = {isa = PBXFileReference; lastKnownFileType = sourcecode.swift; path = Colors.swift; sourceTree = "<group>"; };
		DAA2A4691EAE61A60072AF10 /* Bitacoras 15.xcdatamodel */ = {isa = PBXFileReference; lastKnownFileType = wrapper.xcdatamodel; path = "Bitacoras 15.xcdatamodel"; sourceTree = "<group>"; };
		DAA512391BC0446C0013B7E7 /* Bitacoras 3.xcdatamodel */ = {isa = PBXFileReference; lastKnownFileType = wrapper.xcdatamodel; path = "Bitacoras 3.xcdatamodel"; sourceTree = "<group>"; };
		DAA65E0C1CEA353300CBE514 /* TVC_AvionViewTableViewController.swift */ = {isa = PBXFileReference; fileEncoding = 4; lastKnownFileType = sourcecode.swift; path = TVC_AvionViewTableViewController.swift; sourceTree = "<group>"; };
		DAA65E111CEA403500CBE514 /* SystemConfiguration.framework */ = {isa = PBXFileReference; lastKnownFileType = wrapper.framework; name = SystemConfiguration.framework; path = System/Library/Frameworks/SystemConfiguration.framework; sourceTree = SDKROOT; };
		DAA65E131CEA404500CBE514 /* CoreTelephony.framework */ = {isa = PBXFileReference; lastKnownFileType = wrapper.framework; name = CoreTelephony.framework; path = System/Library/Frameworks/CoreTelephony.framework; sourceTree = SDKROOT; };
		DAA93D7B1BC6C1E800EA034F /* bullish-25.png */ = {isa = PBXFileReference; lastKnownFileType = image.png; path = "bullish-25.png"; sourceTree = "<group>"; };
		DAAB2E3F1C46AADD00C2A138 /* archive.png */ = {isa = PBXFileReference; lastKnownFileType = image.png; path = archive.png; sourceTree = "<group>"; };
		DAAB2E411C46AD6500C2A138 /* ReportesTableViewController.swift */ = {isa = PBXFileReference; fileEncoding = 4; lastKnownFileType = sourcecode.swift; path = ReportesTableViewController.swift; sourceTree = "<group>"; };
		DAAB2E431C46AE5B00C2A138 /* bookmark.png */ = {isa = PBXFileReference; lastKnownFileType = image.png; path = bookmark.png; sourceTree = "<group>"; };
		DAAB2E451C46B18A00C2A138 /* Calendar_2.png */ = {isa = PBXFileReference; lastKnownFileType = image.png; path = Calendar_2.png; sourceTree = "<group>"; };
		DAAB2E461C46B18A00C2A138 /* Calendar.png */ = {isa = PBXFileReference; lastKnownFileType = image.png; path = Calendar.png; sourceTree = "<group>"; };
		DAAB2E491C46BEAA00C2A138 /* EstadisticasTableViewController.swift */ = {isa = PBXFileReference; fileEncoding = 4; lastKnownFileType = sourcecode.swift; path = EstadisticasTableViewController.swift; sourceTree = "<group>"; };
		DAAF9B221BCEBDCB00C26F34 /* Bitacoras 5.xcdatamodel */ = {isa = PBXFileReference; lastKnownFileType = wrapper.xcdatamodel; path = "Bitacoras 5.xcdatamodel"; sourceTree = "<group>"; };
		DABE4DE81DD2AC9A0066C6F1 /* Loading.swift */ = {isa = PBXFileReference; fileEncoding = 4; lastKnownFileType = sourcecode.swift; path = Loading.swift; sourceTree = "<group>"; };
		DABF9C6E1B8BB2BF00E970FF /* Bitacoras 2.xcdatamodel */ = {isa = PBXFileReference; lastKnownFileType = wrapper.xcdatamodel; path = "Bitacoras 2.xcdatamodel"; sourceTree = "<group>"; };
		DAC470A41BBEF722007AFA32 /* SwiftSpinner.swift */ = {isa = PBXFileReference; fileEncoding = 4; lastKnownFileType = sourcecode.swift; path = SwiftSpinner.swift; sourceTree = "<group>"; };
		DAC6CA7E1CB0262200C71E71 /* Bitacoras 8.xcdatamodel */ = {isa = PBXFileReference; lastKnownFileType = wrapper.xcdatamodel; path = "Bitacoras 8.xcdatamodel"; sourceTree = "<group>"; };
		DAC6CAAF1CB028DB00C71E71 /* CoreDataStack.swift */ = {isa = PBXFileReference; fileEncoding = 4; lastKnownFileType = sourcecode.swift; path = CoreDataStack.swift; sourceTree = "<group>"; };
		DACB3D3D1B857E050004F218 /* tools_32.png */ = {isa = PBXFileReference; lastKnownFileType = image.png; path = tools_32.png; sourceTree = "<group>"; };
		DAD1FDB11BC420160073C902 /* Bitacoras 4.xcdatamodel */ = {isa = PBXFileReference; lastKnownFileType = wrapper.xcdatamodel; path = "Bitacoras 4.xcdatamodel"; sourceTree = "<group>"; };
		DAD285B61CC1A69000443D55 /* CoreDataHelper.swift */ = {isa = PBXFileReference; fileEncoding = 4; lastKnownFileType = sourcecode.swift; path = CoreDataHelper.swift; sourceTree = "<group>"; };
		DADABC631B793CB500CFCD11 /* Bitacoras-Bridging-Header.h */ = {isa = PBXFileReference; lastKnownFileType = sourcecode.c.h; path = "Bitacoras-Bridging-Header.h"; sourceTree = "<group>"; };
		DAE0F4091CF3B02B0084E7A1 /* DBAlertController.swift */ = {isa = PBXFileReference; fileEncoding = 4; lastKnownFileType = sourcecode.swift; path = DBAlertController.swift; sourceTree = "<group>"; };
		DAE4D3131CBADB5E00F28528 /* DatePickerDialog.swift */ = {isa = PBXFileReference; fileEncoding = 4; lastKnownFileType = sourcecode.swift; path = DatePickerDialog.swift; sourceTree = "<group>"; };
		DAE4D3151CBADDAD00F28528 /* LauncViewController.swift */ = {isa = PBXFileReference; fileEncoding = 4; lastKnownFileType = sourcecode.swift; name = LauncViewController.swift; path = BItacoras/LauncViewController.swift; sourceTree = SOURCE_ROOT; };
		DAECAD421BC80D4E0000172B /* Jet_Instrumentos_TableViewController.swift */ = {isa = PBXFileReference; fileEncoding = 4; lastKnownFileType = sourcecode.swift; path = Jet_Instrumentos_TableViewController.swift; sourceTree = "<group>"; };
/* End PBXFileReference section */

/* Begin PBXFrameworksBuildPhase section */
		DA487BB61B434A910057EFCC /* Frameworks */ = {
			isa = PBXFrameworksBuildPhase;
			buildActionMask = 2147483647;
			files = (
				DAA65E121CEA403500CBE514 /* SystemConfiguration.framework in Frameworks */,
				DA097D39281238C000715F4C /* CoreTelephony.framework in Frameworks */,
				DA097D3C281238C500715F4C /* OneSignal.framework in Frameworks */,
			);
			runOnlyForDeploymentPostprocessing = 0;
		};
		DA487BCE1B434A910057EFCC /* Frameworks */ = {
			isa = PBXFrameworksBuildPhase;
			buildActionMask = 2147483647;
			files = (
			);
			runOnlyForDeploymentPostprocessing = 0;
		};
/* End PBXFrameworksBuildPhase section */

/* Begin PBXGroup section */
		DA487BB01B434A910057EFCC = {
			isa = PBXGroup;
			children = (
				DA4E919925FF0FE60092BF5F /* Package.swift */,
				DAA65E131CEA404500CBE514 /* CoreTelephony.framework */,
				DA65FDE51CECFA4900ED024A /* OneSignal.framework */,
				DAA65E111CEA403500CBE514 /* SystemConfiguration.framework */,
				DA96D0AC1C12154200DB2AEE /* Main2.storyboard */,
				DA80DE491C1115F1003EAB79 /* Master.storyboard */,
				DA8944AF1B4D85880005FE7E /* Default-568h@2x.png */,
				DA487BBB1B434A910057EFCC /* Bitacoras */,
				DA487BD41B434A910057EFCC /* BitacorasTests */,
				DA487BBA1B434A910057EFCC /* Products */,
			);
			sourceTree = "<group>";
		};
		DA487BBA1B434A910057EFCC /* Products */ = {
			isa = PBXGroup;
			children = (
				DA487BB91B434A910057EFCC /* Bitacoras.app */,
				DA487BD11B434A910057EFCC /* BitacorasTests.xctest */,
			);
			name = Products;
			sourceTree = "<group>";
		};
		DA487BBB1B434A910057EFCC /* Bitacoras */ = {
			isa = PBXGroup;
			children = (
				DA4B81081D903481003A20E7 /* Bitacoras.entitlements */,
				DAA2AC761BF27B0A00F25689 /* PopDatePicker */,
				DA7EC5161BD53870007ED2CE /* AFNetworking */,
				DA7EC5121BD534B7007ED2CE /* Update */,
				DA7EC5081BD5349B007ED2CE /* AlertView */,
				DA487C351B4355640057EFCC /* Model */,
				DA487C2E1B43515F0057EFCC /* VC */,
				DA487BE81B434C540057EFCC /* Images */,
				DA487BBE1B434A910057EFCC /* AppDelegate.swift */,
				DA9960571B8CCB9A00F77A57 /* Main.storyboard */,
				DA487C1B1B434C700057EFCC /* Classes */,
				DA487BE61B434C510057EFCC /* Images.xcassets */,
				DA12370726005A32003C261D /* logoFlightBook.png */,
				DAAB2E451C46B18A00C2A138 /* Calendar_2.png */,
				DAAB2E461C46B18A00C2A138 /* Calendar.png */,
				DAAB2E431C46AE5B00C2A138 /* bookmark.png */,
				DAAB2E3F1C46AADD00C2A138 /* archive.png */,
				DA1304E51C45C8A2008B92E1 /* books-24.png */,
				DA487BE11B434ACA0057EFCC /* Bitacoras.xcdatamodeld */,
				DA487BBC1B434A910057EFCC /* Supporting Files */,
				DA358F2A1CB8892B0081102F /* Launch Screen.storyboard */,
			);
			path = Bitacoras;
			sourceTree = "<group>";
		};
		DA487BBC1B434A910057EFCC /* Supporting Files */ = {
			isa = PBXGroup;
			children = (
				DA487BBD1B434A910057EFCC /* Info.plist */,
			);
			name = "Supporting Files";
			sourceTree = "<group>";
		};
		DA487BD41B434A910057EFCC /* BitacorasTests */ = {
			isa = PBXGroup;
			children = (
				DA487BD71B434A910057EFCC /* BitacorasTests.swift */,
				DA487BD51B434A910057EFCC /* Supporting Files */,
				DA597D0A1B6AB1880039C270 /* Bitacoras.plist */,
			);
			path = BitacorasTests;
			sourceTree = "<group>";
		};
		DA487BD51B434A910057EFCC /* Supporting Files */ = {
			isa = PBXGroup;
			children = (
				DA487BD61B434A910057EFCC /* Info.plist */,
			);
			name = "Supporting Files";
			sourceTree = "<group>";
		};
		DA487BE81B434C540057EFCC /* Images */ = {
			isa = PBXGroup;
			children = (
				DA1EBE021DAD328400C16447 /* synced_ok.png */,
				DA358F261CB886730081102F /* twitter logo mask.png */,
				DA358F271CB886730081102F /* twitterscreen.PNG */,
				DAA93D7B1BC6C1E800EA034F /* bullish-25.png */,
				DA86C6C01B8AAC2A00C16672 /* airplane-57-256.png */,
				DACB3D3D1B857E050004F218 /* tools_32.png */,
				DA487BE91B434C600057EFCC /* 111-user.png */,
				DA487BEA1B434C600057EFCC /* 54-lock.png */,
				DA487BEF1B434C600057EFCC /* airplane_filled-32.png */,
				DA487BF01B434C600057EFCC /* airplane_take_off_filled-32.png */,
				DA487BF11B434C600057EFCC /* airplane_take_off_filled-50.png */,
				DA487BF21B434C600057EFCC /* airplane_take_off-32.png */,
				DA487BF31B434C600057EFCC /* airplane-32.png */,
				DA487BF41B434C600057EFCC /* arrow400.png */,
				DA487BF51B434C600057EFCC /* arrow425.png */,
				DA487BF61B434C600057EFCC /* customs_officer-32.png */,
				DA2705041D9B2F7800D56E6F /* no_sync.png */,
				DA487BF71B434C600057EFCC /* landing_filled-32.png */,
				DA487BF81B434C600057EFCC /* landing_filled-50.png */,
				DA487BF91B434C600057EFCC /* landing-32.png */,
				DA487BFA1B434C600057EFCC /* left3-32.png */,
				DA487BFB1B434C600057EFCC /* lock_32.png */,
				286E5CA6259BD6BC00F4A248 /* Failure.png */,
				DA487BFC1B434C600057EFCC /* lock_open_32.png */,
				286E5CA4259BD6B700F4A248 /* Success.png */,
				DA487BFD1B434C600057EFCC /* passenger_filled-32.png */,
				DA487BFE1B434C600057EFCC /* passenger-32.png */,
				DA487BFF1B434C600057EFCC /* speedometer_filled-32.png */,
				DA487C001B434C600057EFCC /* speedometer-32.png */,
				DA487C011B434C600057EFCC /* up_right-32.png */,
			);
			name = Images;
			sourceTree = "<group>";
		};
		DA487C1B1B434C700057EFCC /* Classes */ = {
			isa = PBXGroup;
			children = (
				DAE0F4091CF3B02B0084E7A1 /* DBAlertController.swift */,
				DA1F11E91BF55DC40040D749 /* Reachability.swift */,
				DA1F11EB1BF55F650040D749 /* Reachability.h */,
				DAC470A41BBEF722007AFA32 /* SwiftSpinner.swift */,
				DADABC631B793CB500CFCD11 /* Bitacoras-Bridging-Header.h */,
				DA487C291B434C9E0057EFCC /* VariablesGlobales.swift */,
				DA487C261B434C820057EFCC /* Logica.swift */,
				DA487C1C1B434C7A0057EFCC /* TaskQueue.swift */,
				DA487C1D1B434C7A0057EFCC /* Util.swift */,
				DA487C1F1B434C7A0057EFCC /* StringSplit.swift */,
				DA1F4B7D1C6AAA7500E10203 /* TextField.swift */,
				DA3ECF2E1DA2AC4F00CEB84D /* Notificacion.swift */,
				DABE4DE81DD2AC9A0066C6F1 /* Loading.swift */,
				286E5CA8259BDFDA00F4A248 /* Login.swift */,
			);
			name = Classes;
			sourceTree = "<group>";
		};
		DA487C2E1B43515F0057EFCC /* VC */ = {
			isa = PBXGroup;
			children = (
				DA6F80E91B4AF300005DBCC0 /* Bitacoras_TableViewCell.swift */,
				DA487C2F1B43516F0057EFCC /* Login_TableViewController.swift */,
				DA6F80EA1B4AF300005DBCC0 /* BitacorasViewController.swift */,
				DA8944B11B4F2FB90005FE7E /* EligeMatriculaViewController.swift */,
				DA7D7ECA1B471A3E003CA928 /* PistonMono_Instrumentos_TableViewController.swift */,
				DA7D7ECB1B471A3E003CA928 /* PistonMono_Pasajeros_ViewController.swift */,
				DA7D7ECC1B471A3E003CA928 /* Pasajeros_TableViewCell.swift */,
				DA487C311B4354CF0057EFCC /* VuelosTableViewCell.swift */,
				DA487C321B4354CF0057EFCC /* VuelosTableViewController.swift */,
				DA86C6C21B8ACF4900C16672 /* AjustesTableViewController.swift */,
				DA99605A1B8CDB1900F77A57 /* LoginViewController.swift */,
				DAECAD421BC80D4E0000172B /* Jet_Instrumentos_TableViewController.swift */,
				DA5647911BD00CC1009EEB6A /* Turbo_Instrumentos_TableViewController.swift */,
				DA8DE5541CBEB75A00C3A66E /* Turbo_BiMotor_Instrumentos_TableViewController.swift */,
				DAAB2E411C46AD6500C2A138 /* ReportesTableViewController.swift */,
				DAAB2E491C46BEAA00C2A138 /* EstadisticasTableViewController.swift */,
				DA261FEF1C6B8EE100C402D8 /* TVC_TramosTableViewController.swift */,
				DAE4D3151CBADDAD00F28528 /* LauncViewController.swift */,
				DA0346BA1CE53E360011855A /* TVC_AvionesTableViewController.swift */,
				DA0346BC1CE6297A0011855A /* TVC_AvionesTableViewCell.swift */,
				DAA65E0C1CEA353300CBE514 /* TVC_AvionViewTableViewController.swift */,
				DA21D5111CEFCC8500A22F69 /* TVC_VuelosPasajerosTableViewController.swift */,
				DA1073F01CF0A17400974DB4 /* TVC_InformacionVueloViewController.swift */,
				DA1073F21CF0A31500974DB4 /* TVC_VuelosPasajerosTableViewCell.swift */,
			);
			name = VC;
			sourceTree = "<group>";
		};
		DA487C351B4355640057EFCC /* Model */ = {
			isa = PBXGroup;
			children = (
				DA9825E11EBB7853003B6674 /* Swift */,
				DAD285B61CC1A69000443D55 /* CoreDataHelper.swift */,
				DAC6CAAF1CB028DB00C71E71 /* CoreDataStack.swift */,
			);
			name = Model;
			sourceTree = "<group>";
		};
		DA7EC5081BD5349B007ED2CE /* AlertView */ = {
			isa = PBXGroup;
			children = (
				DA7EC5091BD534A9007ED2CE /* RIButtonItem.h */,
				DA7EC50A1BD534A9007ED2CE /* RIButtonItem.m */,
				DA7EC50B1BD534A9007ED2CE /* UIActionSheet+Blocks.h */,
				DA7EC50C1BD534A9007ED2CE /* UIActionSheet+Blocks.m */,
				DA7EC50D1BD534A9007ED2CE /* UIAlertView+Blocks.h */,
				DA7EC50E1BD534A9007ED2CE /* UIAlertView+Blocks.m */,
				DA1236FF26000B99003C261D /* msgAlert.swift */,
			);
			name = AlertView;
			sourceTree = "<group>";
		};
		DA7EC5121BD534B7007ED2CE /* Update */ = {
			isa = PBXGroup;
			children = (
				DA7EC54F1BD53A0A007ED2CE /* UpdateManager.h */,
				DA7EC5501BD53A13007ED2CE /* UpdateManager.m */,
			);
			name = Update;
			sourceTree = "<group>";
		};
		DA7EC5161BD53870007ED2CE /* AFNetworking */ = {
			isa = PBXGroup;
			children = (
				DA7EC5521BD53FC5007ED2CE /* AFHTTPRequestOperation.h */,
				DA7EC5531BD53FC5007ED2CE /* AFHTTPRequestOperation.m */,
				DA7EC5541BD53FC5007ED2CE /* AFHTTPRequestOperationManager.h */,
				DA7EC5551BD53FC5007ED2CE /* AFHTTPRequestOperationManager.m */,
				DA7EC5561BD53FC5007ED2CE /* AFHTTPSessionManager.h */,
				DA7EC5571BD53FC5007ED2CE /* AFHTTPSessionManager.m */,
				DA7EC5581BD53FC5007ED2CE /* AFNetworking.h */,
				DA7EC5591BD53FC5007ED2CE /* AFNetworkReachabilityManager.h */,
				DA7EC55A1BD53FC5007ED2CE /* AFNetworkReachabilityManager.m */,
				DA7EC55B1BD53FC5007ED2CE /* AFSecurityPolicy.h */,
				DA7EC55C1BD53FC5007ED2CE /* AFSecurityPolicy.m */,
				DA7EC55D1BD53FC5007ED2CE /* AFURLConnectionOperation.h */,
				DA7EC55E1BD53FC5007ED2CE /* AFURLConnectionOperation.m */,
				DA7EC55F1BD53FC5007ED2CE /* AFURLRequestSerialization.h */,
				DA7EC5601BD53FC5007ED2CE /* AFURLRequestSerialization.m */,
				DA7EC5611BD53FC5007ED2CE /* AFURLResponseSerialization.h */,
				DA7EC5621BD53FC5007ED2CE /* AFURLResponseSerialization.m */,
				DA7EC5631BD53FC5007ED2CE /* AFURLSessionManager.h */,
				DA7EC5641BD53FC5007ED2CE /* AFURLSessionManager.m */,
			);
			name = AFNetworking;
			sourceTree = "<group>";
		};
		DA9825E11EBB7853003B6674 /* Swift */ = {
			isa = PBXGroup;
			children = (
				5D59C7CE1EC4DCEE005C78C8 /* AvionesAsignados+CoreDataClass.swift */,
				5D59C7CF1EC4DCEE005C78C8 /* AvionesAsignados+CoreDataProperties.swift */,
				5D59C7C91EC4DC66005C78C8 /* Pilotos+CoreDataClass.swift */,
				5D59C7CA1EC4DC66005C78C8 /* Pilotos+CoreDataProperties.swift */,
				DA9826121EBB79A8003B6674 /* Datos+CoreDataClass.swift */,
				DA9826131EBB79A8003B6674 /* Datos+CoreDataProperties.swift */,
				DA9826141EBB79A8003B6674 /* BitacorasPax+CoreDataClass.swift */,
				DA9826151EBB79A8003B6674 /* BitacorasPax+CoreDataProperties.swift */,
				DA9826161EBB79A8003B6674 /* TaxiAereoMatriculas+CoreDataClass.swift */,
				1AB547CB208A32F7006D4BF1 /* TaxiAereoMatriculas+CoreDataProperties.swift */,
				DA9826181EBB79A8003B6674 /* VuelosPasajeros+CoreDataClass.swift */,
				DA9826191EBB79A8003B6674 /* VuelosPasajeros+CoreDataProperties.swift */,
				5D6D43CC1F23C4520069F57A /* Vuelos+CoreDataClass.swift */,
				5D6D43CD1F23C4520069F57A /* Vuelos+CoreDataProperties.swift */,
				DA98261C1EBB79A8003B6674 /* BitacorasDatos+CoreDataClass.swift */,
				DA98261D1EBB79A8003B6674 /* BitacorasDatos+CoreDataProperties.swift */,
				DA98261E1EBB79A8003B6674 /* BitacorasInstrumentos+CoreDataClass.swift */,
				DA98261F1EBB79A8003B6674 /* BitacorasInstrumentos+CoreDataProperties.swift */,
				DA9826201EBB79A8003B6674 /* Ajustes+CoreDataClass.swift */,
				DA9826211EBB79A8003B6674 /* Ajustes+CoreDataProperties.swift */,
				DA9826221EBB79A8003B6674 /* BitacorasLegs+CoreDataClass.swift */,
				DA9826231EBB79A8003B6674 /* BitacorasLegs+CoreDataProperties.swift */,
				DA9826241EBB79A8003B6674 /* Logs+CoreDataClass.swift */,
				DA9826251EBB79A8003B6674 /* Logs+CoreDataProperties.swift */,
				DA9826281EBB79A8003B6674 /* Bitacoras+CoreDataClass.swift */,
				5D710BEF1ECCDA1200B8D9CD /* Bitacoras+CoreDataProperties.swift */,
			);
			name = Swift;
			sourceTree = "<group>";
		};
		DAA2AC761BF27B0A00F25689 /* PopDatePicker */ = {
			isa = PBXGroup;
			children = (
				DAE4D3131CBADB5E00F28528 /* DatePickerDialog.swift */,
				DA9CDE44261EB5D900112966 /* Colors.swift */,
			);
			name = PopDatePicker;
			sourceTree = "<group>";
		};
/* End PBXGroup section */

/* Begin PBXNativeTarget section */
		DA487BB81B434A910057EFCC /* Bitacoras */ = {
			isa = PBXNativeTarget;
			buildConfigurationList = DA487BDB1B434A910057EFCC /* Build configuration list for PBXNativeTarget "Bitacoras" */;
			buildPhases = (
				DA487BB51B434A910057EFCC /* Sources */,
				DA487BB61B434A910057EFCC /* Frameworks */,
				DA487BB71B434A910057EFCC /* Resources */,
			);
			buildRules = (
			);
			dependencies = (
			);
			name = Bitacoras;
			packageProductDependencies = (
			);
			productName = Bitacoras;
			productReference = DA487BB91B434A910057EFCC /* Bitacoras.app */;
			productType = "com.apple.product-type.application";
		};
		DA487BD01B434A910057EFCC /* BitacorasTests */ = {
			isa = PBXNativeTarget;
			buildConfigurationList = DA487BDE1B434A910057EFCC /* Build configuration list for PBXNativeTarget "BitacorasTests" */;
			buildPhases = (
				DA487BCD1B434A910057EFCC /* Sources */,
				DA487BCE1B434A910057EFCC /* Frameworks */,
				DA487BCF1B434A910057EFCC /* Resources */,
			);
			buildRules = (
			);
			dependencies = (
				DA487BD31B434A910057EFCC /* PBXTargetDependency */,
			);
			name = BitacorasTests;
			productName = BitacorasTests;
			productReference = DA487BD11B434A910057EFCC /* BitacorasTests.xctest */;
			productType = "com.apple.product-type.bundle.unit-test";
		};
/* End PBXNativeTarget section */

/* Begin PBXProject section */
		DA487BB11B434A910057EFCC /* Project object */ = {
			isa = PBXProject;
			attributes = {
				LastSwiftMigration = 0730;
				LastSwiftUpdateCheck = 0700;
				LastUpgradeCheck = 1330;
				ORGANIZATIONNAME = "";
				TargetAttributes = {
					DA487BB81B434A910057EFCC = {
						CreatedOnToolsVersion = 6.3.2;
						DevelopmentTeam = 699QRPV6HD;
						LastSwiftMigration = 1240;
						ProvisioningStyle = Automatic;
						SystemCapabilities = {
							com.apple.BackgroundModes = {
								enabled = 1;
							};
							com.apple.Push = {
								enabled = 1;
							};
						};
					};
					DA487BD01B434A910057EFCC = {
						CreatedOnToolsVersion = 6.3.2;
						DevelopmentTeam = 699QRPV6HD;
						LastSwiftMigration = 1010;
						TestTargetID = DA487BB81B434A910057EFCC;
					};
				};
			};
			buildConfigurationList = DA487BB41B434A910057EFCC /* Build configuration list for PBXProject "Bits" */;
			compatibilityVersion = "Xcode 3.2";
			developmentRegion = en;
			hasScannedForEncodings = 0;
			knownRegions = (
				en,
				Base,
			);
			mainGroup = DA487BB01B434A910057EFCC;
			packageReferences = (
			);
			productRefGroup = DA487BBA1B434A910057EFCC /* Products */;
			projectDirPath = "";
			projectRoot = "";
			targets = (
				DA487BB81B434A910057EFCC /* Bitacoras */,
				DA487BD01B434A910057EFCC /* BitacorasTests */,
			);
		};
/* End PBXProject section */

/* Begin PBXResourcesBuildPhase section */
		DA487BB71B434A910057EFCC /* Resources */ = {
			isa = PBXResourcesBuildPhase;
			buildActionMask = 2147483647;
			files = (
				DA358F2B1CB8892B0081102F /* Launch Screen.storyboard in Resources */,
				DA487C151B434C600057EFCC /* lock_open_32.png in Resources */,
				DA86C6C11B8AAC2A00C16672 /* airplane-57-256.png in Resources */,
				DA487C121B434C600057EFCC /* landing-32.png in Resources */,
				DA487C101B434C600057EFCC /* landing_filled-32.png in Resources */,
				DA2705051D9B2F7800D56E6F /* no_sync.png in Resources */,
				DA1304E61C45C8A2008B92E1 /* books-24.png in Resources */,
				DA487C191B434C600057EFCC /* speedometer-32.png in Resources */,
				DAAB2E401C46AADD00C2A138 /* archive.png in Resources */,
				DA487C0C1B434C600057EFCC /* airplane-32.png in Resources */,
				DA487C131B434C600057EFCC /* left3-32.png in Resources */,
				DA358F281CB886730081102F /* twitter logo mask.png in Resources */,
				DA487BE71B434C510057EFCC /* Images.xcassets in Resources */,
				DA487C111B434C600057EFCC /* landing_filled-50.png in Resources */,
				DA487C031B434C600057EFCC /* 54-lock.png in Resources */,
				DAAB2E471C46B18A00C2A138 /* Calendar_2.png in Resources */,
				DA487C181B434C600057EFCC /* speedometer_filled-32.png in Resources */,
				DA487C0E1B434C600057EFCC /* arrow425.png in Resources */,
				DA487C161B434C600057EFCC /* passenger_filled-32.png in Resources */,
				DA487C081B434C600057EFCC /* airplane_filled-32.png in Resources */,
				DA487C0B1B434C600057EFCC /* airplane_take_off-32.png in Resources */,
				DA487C0A1B434C600057EFCC /* airplane_take_off_filled-50.png in Resources */,
				DA487C171B434C600057EFCC /* passenger-32.png in Resources */,
				DA12370826005A32003C261D /* logoFlightBook.png in Resources */,
				DA1EBE031DAD328400C16447 /* synced_ok.png in Resources */,
				DA487C021B434C600057EFCC /* 111-user.png in Resources */,
				286E5CA5259BD6B800F4A248 /* Success.png in Resources */,
				DAA93D7C1BC6C1E800EA034F /* bullish-25.png in Resources */,
				DA487C0F1B434C600057EFCC /* customs_officer-32.png in Resources */,
				DA487C141B434C600057EFCC /* lock_32.png in Resources */,
				DA358F291CB886730081102F /* twitterscreen.PNG in Resources */,
				DA8944B01B4D85880005FE7E /* Default-568h@2x.png in Resources */,
				DA80DE4A1C1115F1003EAB79 /* Master.storyboard in Resources */,
				DAAB2E441C46AE5B00C2A138 /* bookmark.png in Resources */,
				286E5CA7259BD6BC00F4A248 /* Failure.png in Resources */,
				DA487C0D1B434C600057EFCC /* arrow400.png in Resources */,
				DA9960551B8CCB9A00F77A57 /* Main.storyboard in Resources */,
				DAAB2E481C46B18A00C2A138 /* Calendar.png in Resources */,
				DACB3D3E1B857E050004F218 /* tools_32.png in Resources */,
				DA487C091B434C600057EFCC /* airplane_take_off_filled-32.png in Resources */,
				DA487C1A1B434C600057EFCC /* up_right-32.png in Resources */,
				DA96D0AE1C12154300DB2AEE /* Main2.storyboard in Resources */,
			);
			runOnlyForDeploymentPostprocessing = 0;
		};
		DA487BCF1B434A910057EFCC /* Resources */ = {
			isa = PBXResourcesBuildPhase;
			buildActionMask = 2147483647;
			files = (
				DA597D0B1B6AB1880039C270 /* Bitacoras.plist in Resources */,
			);
			runOnlyForDeploymentPostprocessing = 0;
		};
/* End PBXResourcesBuildPhase section */

/* Begin PBXSourcesBuildPhase section */
		DA487BB51B434A910057EFCC /* Sources */ = {
			isa = PBXSourcesBuildPhase;
			buildActionMask = 2147483647;
			files = (
				5D59C7D11EC4DCEE005C78C8 /* AvionesAsignados+CoreDataProperties.swift in Sources */,
				5D59C7CD1EC4DC66005C78C8 /* Pilotos+CoreDataProperties.swift in Sources */,
				5D59C7D01EC4DCEE005C78C8 /* AvionesAsignados+CoreDataClass.swift in Sources */,
				DA7EC5651BD53FC5007ED2CE /* AFHTTPRequestOperation.m in Sources */,
				DA487C2B1B434C9E0057EFCC /* VariablesGlobales.swift in Sources */,
				DA7EC56C1BD53FC5007ED2CE /* AFURLResponseSerialization.m in Sources */,
				5D6D43CE1F23C4520069F57A /* Vuelos+CoreDataClass.swift in Sources */,
				DA98263C1EBB79A8003B6674 /* Logs+CoreDataClass.swift in Sources */,
				DA9826341EBB79A8003B6674 /* BitacorasDatos+CoreDataClass.swift in Sources */,
				DA487C221B434C7A0057EFCC /* Util.swift in Sources */,
				DA8944B21B4F2FB90005FE7E /* EligeMatriculaViewController.swift in Sources */,
				DA0346BB1CE53E360011855A /* TVC_AvionesTableViewController.swift in Sources */,
				DA7EC56A1BD53FC5007ED2CE /* AFURLConnectionOperation.m in Sources */,
				DA7EC56D1BD53FC5007ED2CE /* AFURLSessionManager.m in Sources */,
				DA7D7ECF1B471A3E003CA928 /* PistonMono_Pasajeros_ViewController.swift in Sources */,
				DA7EC50F1BD534A9007ED2CE /* RIButtonItem.m in Sources */,
				DA7EC5111BD534A9007ED2CE /* UIAlertView+Blocks.m in Sources */,
				DA9826351EBB79A8003B6674 /* BitacorasDatos+CoreDataProperties.swift in Sources */,
				DA1F11EA1BF55DC40040D749 /* Reachability.swift in Sources */,
				286E5C922592612500F4A248 /* Bitacoras.xcdatamodeld in Sources */,
				5D6D43CF1F23C4520069F57A /* Vuelos+CoreDataProperties.swift in Sources */,
				DA6F80EB1B4AF300005DBCC0 /* Bitacoras_TableViewCell.swift in Sources */,
				DA98262B1EBB79A8003B6674 /* Datos+CoreDataProperties.swift in Sources */,
				DA98262D1EBB79A8003B6674 /* BitacorasPax+CoreDataProperties.swift in Sources */,
				DAE4D3141CBADB5E00F28528 /* DatePickerDialog.swift in Sources */,
				DA1073F31CF0A31500974DB4 /* TVC_VuelosPasajerosTableViewCell.swift in Sources */,
				DA3ECF2F1DA2AC4F00CEB84D /* Notificacion.swift in Sources */,
				DAD285B71CC1A69000443D55 /* CoreDataHelper.swift in Sources */,
				DA98263D1EBB79A8003B6674 /* Logs+CoreDataProperties.swift in Sources */,
				DABE4DE91DD2AC9A0066C6F1 /* Loading.swift in Sources */,
				DAC6CAB01CB028DB00C71E71 /* CoreDataStack.swift in Sources */,
				DA9826381EBB79A8003B6674 /* Ajustes+CoreDataClass.swift in Sources */,
				5D710BF01ECCDA1200B8D9CD /* Bitacoras+CoreDataProperties.swift in Sources */,
				DA7EC5101BD534A9007ED2CE /* UIActionSheet+Blocks.m in Sources */,
				DA1073F11CF0A17400974DB4 /* TVC_InformacionVueloViewController.swift in Sources */,
				DA9826371EBB79A8003B6674 /* BitacorasInstrumentos+CoreDataProperties.swift in Sources */,
				DA7D7ED01B471A3E003CA928 /* Pasajeros_TableViewCell.swift in Sources */,
				DA7EC5511BD53A13007ED2CE /* UpdateManager.m in Sources */,
				DA7EC56B1BD53FC5007ED2CE /* AFURLRequestSerialization.m in Sources */,
				DA7EC5661BD53FC5007ED2CE /* AFHTTPRequestOperationManager.m in Sources */,
				DA9826361EBB79A8003B6674 /* BitacorasInstrumentos+CoreDataClass.swift in Sources */,
				DA9826401EBB79A8003B6674 /* Bitacoras+CoreDataClass.swift in Sources */,
				DAE4D3161CBADDAD00F28528 /* LauncViewController.swift in Sources */,
				DA0346BD1CE6297A0011855A /* TVC_AvionesTableViewCell.swift in Sources */,
				DA9CDE45261EB5D900112966 /* Colors.swift in Sources */,
				DAECAD441BC80D4E0000172B /* Jet_Instrumentos_TableViewController.swift in Sources */,
				DA6F80EC1B4AF300005DBCC0 /* BitacorasViewController.swift in Sources */,
				DA8DE5551CBEB75A00C3A66E /* Turbo_BiMotor_Instrumentos_TableViewController.swift in Sources */,
				DA487C301B43516F0057EFCC /* Login_TableViewController.swift in Sources */,
				DA4E919A25FF0FE60092BF5F /* Package.swift in Sources */,
				DA487C271B434C820057EFCC /* Logica.swift in Sources */,
				DAAB2E421C46AD6500C2A138 /* ReportesTableViewController.swift in Sources */,
				DA487C341B4354CF0057EFCC /* VuelosTableViewController.swift in Sources */,
				DA487C211B434C7A0057EFCC /* TaskQueue.swift in Sources */,
				DA99605B1B8CDB1900F77A57 /* LoginViewController.swift in Sources */,
				DA1F4B7E1C6AAA7600E10203 /* TextField.swift in Sources */,
				DA86C6C31B8ACF4900C16672 /* AjustesTableViewController.swift in Sources */,
				DA7D7ECE1B471A3E003CA928 /* PistonMono_Instrumentos_TableViewController.swift in Sources */,
				DA98263A1EBB79A8003B6674 /* BitacorasLegs+CoreDataClass.swift in Sources */,
				DA261FF01C6B8EE100C402D8 /* TVC_TramosTableViewController.swift in Sources */,
				DA5647931BD00CC1009EEB6A /* Turbo_Instrumentos_TableViewController.swift in Sources */,
				DA98263B1EBB79A8003B6674 /* BitacorasLegs+CoreDataProperties.swift in Sources */,
				5D59C7CC1EC4DC66005C78C8 /* Pilotos+CoreDataClass.swift in Sources */,
				DA9826301EBB79A8003B6674 /* VuelosPasajeros+CoreDataClass.swift in Sources */,
				DA7EC5681BD53FC5007ED2CE /* AFNetworkReachabilityManager.m in Sources */,
				DAAB2E4A1C46BEAA00C2A138 /* EstadisticasTableViewController.swift in Sources */,
				DA21D5121CEFCC8500A22F69 /* TVC_VuelosPasajerosTableViewController.swift in Sources */,
				DA12370026000B99003C261D /* msgAlert.swift in Sources */,
				DA7EC5671BD53FC5007ED2CE /* AFHTTPSessionManager.m in Sources */,
				DAE0F40A1CF3B02B0084E7A1 /* DBAlertController.swift in Sources */,
				DA98262C1EBB79A8003B6674 /* BitacorasPax+CoreDataClass.swift in Sources */,
				286E5CA9259BDFDA00F4A248 /* Login.swift in Sources */,
				DA98262A1EBB79A8003B6674 /* Datos+CoreDataClass.swift in Sources */,
				DA9826311EBB79A8003B6674 /* VuelosPasajeros+CoreDataProperties.swift in Sources */,
				DA487BBF1B434A910057EFCC /* AppDelegate.swift in Sources */,
				DA9826391EBB79A8003B6674 /* Ajustes+CoreDataProperties.swift in Sources */,
				1AB547CC208A32F7006D4BF1 /* TaxiAereoMatriculas+CoreDataProperties.swift in Sources */,
				DA7EC5691BD53FC5007ED2CE /* AFSecurityPolicy.m in Sources */,
				DAC470A51BBEF722007AFA32 /* SwiftSpinner.swift in Sources */,
				DA487C241B434C7A0057EFCC /* StringSplit.swift in Sources */,
				DAA65E0D1CEA353300CBE514 /* TVC_AvionViewTableViewController.swift in Sources */,
				DA487C331B4354CF0057EFCC /* VuelosTableViewCell.swift in Sources */,
				DA98262E1EBB79A8003B6674 /* TaxiAereoMatriculas+CoreDataClass.swift in Sources */,
			);
			runOnlyForDeploymentPostprocessing = 0;
		};
		DA487BCD1B434A910057EFCC /* Sources */ = {
			isa = PBXSourcesBuildPhase;
			buildActionMask = 2147483647;
			files = (
				286E5C912592610500F4A248 /* Bitacoras.xcdatamodeld in Sources */,
				DA487BD81B434A910057EFCC /* BitacorasTests.swift in Sources */,
			);
			runOnlyForDeploymentPostprocessing = 0;
		};
/* End PBXSourcesBuildPhase section */

/* Begin PBXTargetDependency section */
		DA487BD31B434A910057EFCC /* PBXTargetDependency */ = {
			isa = PBXTargetDependency;
			target = DA487BB81B434A910057EFCC /* Bitacoras */;
			targetProxy = DA487BD21B434A910057EFCC /* PBXContainerItemProxy */;
		};
/* End PBXTargetDependency section */

/* Begin PBXVariantGroup section */
		DA96D0AC1C12154200DB2AEE /* Main2.storyboard */ = {
			isa = PBXVariantGroup;
			children = (
				DA96D0AD1C12154300DB2AEE /* Base */,
			);
			name = Main2.storyboard;
			sourceTree = "<group>";
		};
		DA9960571B8CCB9A00F77A57 /* Main.storyboard */ = {
			isa = PBXVariantGroup;
			children = (
				DA9960561B8CCB9A00F77A57 /* Base */,
			);
			name = Main.storyboard;
			sourceTree = "<group>";
		};
/* End PBXVariantGroup section */

/* Begin XCBuildConfiguration section */
		DA487BD91B434A910057EFCC /* Debug */ = {
			isa = XCBuildConfiguration;
			buildSettings = {
				ALWAYS_EMBED_SWIFT_STANDARD_LIBRARIES = YES;
				ALWAYS_SEARCH_USER_PATHS = NO;
				CLANG_ANALYZER_LOCALIZABILITY_NONLOCALIZED = YES;
				CLANG_CXX_LANGUAGE_STANDARD = "gnu++0x";
				CLANG_CXX_LIBRARY = "libc++";
				CLANG_ENABLE_MODULES = YES;
				CLANG_ENABLE_OBJC_ARC = YES;
				CLANG_WARN_BLOCK_CAPTURE_AUTORELEASING = YES;
				CLANG_WARN_BOOL_CONVERSION = YES;
				CLANG_WARN_COMMA = YES;
				CLANG_WARN_CONSTANT_CONVERSION = YES;
				CLANG_WARN_DEPRECATED_OBJC_IMPLEMENTATIONS = YES;
				CLANG_WARN_DIRECT_OBJC_ISA_USAGE = YES_ERROR;
				CLANG_WARN_EMPTY_BODY = YES;
				CLANG_WARN_ENUM_CONVERSION = YES;
				CLANG_WARN_INFINITE_RECURSION = YES;
				CLANG_WARN_INT_CONVERSION = YES;
				CLANG_WARN_NON_LITERAL_NULL_CONVERSION = YES;
				CLANG_WARN_OBJC_IMPLICIT_RETAIN_SELF = YES;
				CLANG_WARN_OBJC_LITERAL_CONVERSION = YES;
				CLANG_WARN_OBJC_ROOT_CLASS = YES_ERROR;
				CLANG_WARN_QUOTED_INCLUDE_IN_FRAMEWORK_HEADER = YES;
				CLANG_WARN_RANGE_LOOP_ANALYSIS = YES;
				CLANG_WARN_STRICT_PROTOTYPES = YES;
				CLANG_WARN_SUSPICIOUS_MOVE = YES;
				CLANG_WARN_UNREACHABLE_CODE = YES;
				CLANG_WARN__DUPLICATE_METHOD_MATCH = YES;
				CODE_SIGN_IDENTITY = "Apple Development: jaime.solis19@gmail.com (CTB6DABG6N)";
				"CODE_SIGN_IDENTITY[sdk=iphoneos*]" = "Apple Development";
				COPY_PHASE_STRIP = NO;
				DEBUG_INFORMATION_FORMAT = "dwarf-with-dsym";
				ENABLE_STRICT_OBJC_MSGSEND = YES;
				ENABLE_TESTABILITY = YES;
				GCC_C_LANGUAGE_STANDARD = gnu99;
				GCC_DYNAMIC_NO_PIC = NO;
				GCC_NO_COMMON_BLOCKS = YES;
				GCC_OPTIMIZATION_LEVEL = 0;
				GCC_PREPROCESSOR_DEFINITIONS = (
					"DEBUG=1",
					"$(inherited)",
				);
				GCC_SYMBOLS_PRIVATE_EXTERN = NO;
				GCC_WARN_64_TO_32_BIT_CONVERSION = YES;
				GCC_WARN_ABOUT_RETURN_TYPE = YES_ERROR;
				GCC_WARN_UNDECLARED_SELECTOR = YES;
				GCC_WARN_UNINITIALIZED_AUTOS = YES_AGGRESSIVE;
				GCC_WARN_UNUSED_FUNCTION = YES;
				GCC_WARN_UNUSED_VARIABLE = YES;
				IPHONEOS_DEPLOYMENT_TARGET = 12.0;
				MTL_ENABLE_DEBUG_INFO = YES;
				ONLY_ACTIVE_ARCH = YES;
				SDKROOT = iphoneos;
				SWIFT_OPTIMIZATION_LEVEL = "-Onone";
				SWIFT_VERSION = 4.0;
				TARGETED_DEVICE_FAMILY = "1,2";
			};
			name = Debug;
		};
		DA487BDA1B434A910057EFCC /* Release */ = {
			isa = XCBuildConfiguration;
			buildSettings = {
				ALWAYS_EMBED_SWIFT_STANDARD_LIBRARIES = YES;
				ALWAYS_SEARCH_USER_PATHS = NO;
				CLANG_ANALYZER_LOCALIZABILITY_NONLOCALIZED = YES;
				CLANG_CXX_LANGUAGE_STANDARD = "gnu++0x";
				CLANG_CXX_LIBRARY = "libc++";
				CLANG_ENABLE_MODULES = YES;
				CLANG_ENABLE_OBJC_ARC = YES;
				CLANG_WARN_BLOCK_CAPTURE_AUTORELEASING = YES;
				CLANG_WARN_BOOL_CONVERSION = YES;
				CLANG_WARN_COMMA = YES;
				CLANG_WARN_CONSTANT_CONVERSION = YES;
				CLANG_WARN_DEPRECATED_OBJC_IMPLEMENTATIONS = YES;
				CLANG_WARN_DIRECT_OBJC_ISA_USAGE = YES_ERROR;
				CLANG_WARN_EMPTY_BODY = YES;
				CLANG_WARN_ENUM_CONVERSION = YES;
				CLANG_WARN_INFINITE_RECURSION = YES;
				CLANG_WARN_INT_CONVERSION = YES;
				CLANG_WARN_NON_LITERAL_NULL_CONVERSION = YES;
				CLANG_WARN_OBJC_IMPLICIT_RETAIN_SELF = YES;
				CLANG_WARN_OBJC_LITERAL_CONVERSION = YES;
				CLANG_WARN_OBJC_ROOT_CLASS = YES_ERROR;
				CLANG_WARN_QUOTED_INCLUDE_IN_FRAMEWORK_HEADER = YES;
				CLANG_WARN_RANGE_LOOP_ANALYSIS = YES;
				CLANG_WARN_STRICT_PROTOTYPES = YES;
				CLANG_WARN_SUSPICIOUS_MOVE = YES;
				CLANG_WARN_UNREACHABLE_CODE = YES;
				CLANG_WARN__DUPLICATE_METHOD_MATCH = YES;
				CODE_SIGN_IDENTITY = "Apple Development: jaime.solis19@gmail.com (CTB6DABG6N)";
				"CODE_SIGN_IDENTITY[sdk=iphoneos*]" = "Apple Development";
				COPY_PHASE_STRIP = NO;
				DEBUG_INFORMATION_FORMAT = "dwarf-with-dsym";
				ENABLE_NS_ASSERTIONS = NO;
				ENABLE_STRICT_OBJC_MSGSEND = YES;
				GCC_C_LANGUAGE_STANDARD = gnu99;
				GCC_NO_COMMON_BLOCKS = YES;
				GCC_WARN_64_TO_32_BIT_CONVERSION = YES;
				GCC_WARN_ABOUT_RETURN_TYPE = YES_ERROR;
				GCC_WARN_UNDECLARED_SELECTOR = YES;
				GCC_WARN_UNINITIALIZED_AUTOS = YES_AGGRESSIVE;
				GCC_WARN_UNUSED_FUNCTION = YES;
				GCC_WARN_UNUSED_VARIABLE = YES;
				IPHONEOS_DEPLOYMENT_TARGET = 12.0;
				MTL_ENABLE_DEBUG_INFO = NO;
				SDKROOT = iphoneos;
				SWIFT_OPTIMIZATION_LEVEL = "-Owholemodule";
				SWIFT_VERSION = 4.0;
				TARGETED_DEVICE_FAMILY = "1,2";
				VALIDATE_PRODUCT = YES;
			};
			name = Release;
		};
		DA487BDC1B434A910057EFCC /* Debug */ = {
			isa = XCBuildConfiguration;
			buildSettings = {
				ASSETCATALOG_COMPILER_APPICON_NAME = AppIconNew;
				CLANG_ENABLE_MODULES = YES;
				CODE_SIGN_ENTITLEMENTS = Bitacoras/Bitacoras.entitlements;
				CODE_SIGN_IDENTITY = "Apple Development";
				"CODE_SIGN_IDENTITY[sdk=iphoneos*]" = "Apple Development";
				CODE_SIGN_STYLE = Automatic;
				DEVELOPMENT_TEAM = 699QRPV6HD;
				FRAMEWORK_SEARCH_PATHS = (
					"$(inherited)",
					"$(PROJECT_DIR)",
				);
				INFOPLIST_FILE = Bitacoras/Info.plist;
				IPHONEOS_DEPLOYMENT_TARGET = 9.3;
				LD_RUNPATH_SEARCH_PATHS = "$(inherited) @executable_path/Frameworks";
				LIBRARY_SEARCH_PATHS = (
					"$(inherited)",
					"$(PROJECT_DIR)/Bitacoras",
				);
				MARKETING_VERSION = 3.0;
				OTHER_LDFLAGS = "-ObjC";
				PRODUCT_BUNDLE_IDENTIFIER = com.innovandoenti.Bitacoras;
				PRODUCT_NAME = "$(TARGET_NAME)";
				PROVISIONING_PROFILE = "";
				PROVISIONING_PROFILE_SPECIFIER = "";
				SWIFT_OBJC_BRIDGING_HEADER = "Bitacoras/Bitacoras-Bridging-Header.h";
				SWIFT_OPTIMIZATION_LEVEL = "-Onone";
				SWIFT_SWIFT3_OBJC_INFERENCE = Default;
				SWIFT_VERSION = 5.0;
				TARGETED_DEVICE_FAMILY = "1,2";
			};
			name = Debug;
		};
		DA487BDD1B434A910057EFCC /* Release */ = {
			isa = XCBuildConfiguration;
			buildSettings = {
				ASSETCATALOG_COMPILER_APPICON_NAME = AppIconNew;
				CLANG_ENABLE_MODULES = YES;
				CODE_SIGN_ENTITLEMENTS = Bitacoras/Bitacoras.entitlements;
				CODE_SIGN_IDENTITY = "Apple Development";
				"CODE_SIGN_IDENTITY[sdk=iphoneos*]" = "Apple Development";
				CODE_SIGN_STYLE = Automatic;
				DEVELOPMENT_TEAM = 699QRPV6HD;
				"DEVELOPMENT_TEAM[sdk=*]" = "";
				FRAMEWORK_SEARCH_PATHS = (
					"$(inherited)",
					"$(PROJECT_DIR)",
				);
				INFOPLIST_FILE = Bitacoras/Info.plist;
				IPHONEOS_DEPLOYMENT_TARGET = 9.3;
				LD_RUNPATH_SEARCH_PATHS = "$(inherited) @executable_path/Frameworks";
				LIBRARY_SEARCH_PATHS = (
					"$(inherited)",
					"$(PROJECT_DIR)/Bitacoras",
				);
				MARKETING_VERSION = 3.0;
				OTHER_LDFLAGS = "-ObjC";
				PRODUCT_BUNDLE_IDENTIFIER = com.innovandoenti.Bitacoras;
				PRODUCT_NAME = "$(TARGET_NAME)";
				PROVISIONING_PROFILE = "";
				PROVISIONING_PROFILE_SPECIFIER = "";
				SWIFT_OBJC_BRIDGING_HEADER = "Bitacoras/Bitacoras-Bridging-Header.h";
				SWIFT_SWIFT3_OBJC_INFERENCE = Default;
				SWIFT_VERSION = 5.0;
				TARGETED_DEVICE_FAMILY = "1,2";
			};
			name = Release;
		};
		DA487BDF1B434A910057EFCC /* Debug */ = {
			isa = XCBuildConfiguration;
			buildSettings = {
				BUNDLE_LOADER = "$(TEST_HOST)";
				"CODE_SIGN_IDENTITY[sdk=macosx*]" = "Apple Development";
				DEVELOPMENT_TEAM = 699QRPV6HD;
				FRAMEWORK_SEARCH_PATHS = (
					"$(SDKROOT)/Developer/Library/Frameworks",
					"$(inherited)",
				);
				GCC_PREPROCESSOR_DEFINITIONS = (
					"DEBUG=1",
					"$(inherited)",
				);
				INFOPLIST_FILE = BitacorasTests/Info.plist;
				LD_RUNPATH_SEARCH_PATHS = "$(inherited) @executable_path/Frameworks @loader_path/Frameworks";
				PRODUCT_BUNDLE_IDENTIFIER = "mx.aerotron.$(PRODUCT_NAME:rfc1034identifier)";
				PRODUCT_NAME = "$(TARGET_NAME)";
				SWIFT_SWIFT3_OBJC_INFERENCE = On;
				SWIFT_VERSION = 4.2;
				TEST_HOST = "$(BUILT_PRODUCTS_DIR)/Bitacoras.app/Bitacoras";
			};
			name = Debug;
		};
		DA487BE01B434A910057EFCC /* Release */ = {
			isa = XCBuildConfiguration;
			buildSettings = {
				BUNDLE_LOADER = "$(TEST_HOST)";
				"CODE_SIGN_IDENTITY[sdk=macosx*]" = "Apple Development";
				DEVELOPMENT_TEAM = 699QRPV6HD;
				FRAMEWORK_SEARCH_PATHS = (
					"$(SDKROOT)/Developer/Library/Frameworks",
					"$(inherited)",
				);
				INFOPLIST_FILE = BitacorasTests/Info.plist;
				LD_RUNPATH_SEARCH_PATHS = "$(inherited) @executable_path/Frameworks @loader_path/Frameworks";
				PRODUCT_BUNDLE_IDENTIFIER = "mx.aerotron.$(PRODUCT_NAME:rfc1034identifier)";
				PRODUCT_NAME = "$(TARGET_NAME)";
				SWIFT_SWIFT3_OBJC_INFERENCE = On;
				SWIFT_VERSION = 4.2;
				TEST_HOST = "$(BUILT_PRODUCTS_DIR)/Bitacoras.app/Bitacoras";
			};
			name = Release;
		};
/* End XCBuildConfiguration section */

/* Begin XCConfigurationList section */
		DA487BB41B434A910057EFCC /* Build configuration list for PBXProject "Bits" */ = {
			isa = XCConfigurationList;
			buildConfigurations = (
				DA487BD91B434A910057EFCC /* Debug */,
				DA487BDA1B434A910057EFCC /* Release */,
			);
			defaultConfigurationIsVisible = 0;
			defaultConfigurationName = Release;
		};
		DA487BDB1B434A910057EFCC /* Build configuration list for PBXNativeTarget "Bitacoras" */ = {
			isa = XCConfigurationList;
			buildConfigurations = (
				DA487BDC1B434A910057EFCC /* Debug */,
				DA487BDD1B434A910057EFCC /* Release */,
			);
			defaultConfigurationIsVisible = 0;
			defaultConfigurationName = Release;
		};
		DA487BDE1B434A910057EFCC /* Build configuration list for PBXNativeTarget "BitacorasTests" */ = {
			isa = XCConfigurationList;
			buildConfigurations = (
				DA487BDF1B434A910057EFCC /* Debug */,
				DA487BE01B434A910057EFCC /* Release */,
			);
			defaultConfigurationIsVisible = 0;
			defaultConfigurationName = Release;
		};
/* End XCConfigurationList section */

/* Begin XCVersionGroup section */
		DA487BE11B434ACA0057EFCC /* Bitacoras.xcdatamodeld */ = {
			isa = XCVersionGroup;
			children = (
				1AB547CA208A3256006D4BF1 /* Bitacoras 18.xcdatamodel */,
				5D6D43CB1F23C4000069F57A /* Bitacoras 17.xcdatamodel */,
				5D59C7C71EC4D72D005C78C8 /* Bitacoras 16.xcdatamodel */,
				DAA2A4691EAE61A60072AF10 /* Bitacoras 15.xcdatamodel */,
				DA3D698A1D83623A00EA1BB5 /* Bitacoras 14.xcdatamodel */,
				DA731A6D1CC557C000593601 /* Bitacoras 13.xcdatamodel */,
				DA8DE5561CBEB8B000C3A66E /* Bitacoras 12.xcdatamodel */,
				DA97127C1CB5FE1800A04D18 /* Bitacoras 11.xcdatamodel */,
				DA00B9A11CB47C9400B9160B /* Bitacoras 10.xcdatamodel */,
				DA00B97C1CB46C3300B9160B /* Bitacoras 9.xcdatamodel */,
				DAC6CA7E1CB0262200C71E71 /* Bitacoras 8.xcdatamodel */,
				DA0477B31C6F946100CBC435 /* Bitacoras 7.xcdatamodel */,
				DA88DC371BF11F8800747E38 /* Bitacoras 6.xcdatamodel */,
				DAAF9B221BCEBDCB00C26F34 /* Bitacoras 5.xcdatamodel */,
				DAD1FDB11BC420160073C902 /* Bitacoras 4.xcdatamodel */,
				DAA512391BC0446C0013B7E7 /* Bitacoras 3.xcdatamodel */,
				DABF9C6E1B8BB2BF00E970FF /* Bitacoras 2.xcdatamodel */,
				DA487BE21B434ACA0057EFCC /* Bitacoras.xcdatamodel */,
			);
			currentVersion = 1AB547CA208A3256006D4BF1 /* Bitacoras 18.xcdatamodel */;
			path = Bitacoras.xcdatamodeld;
			sourceTree = "<group>";
			versionGroupType = wrapper.xcdatamodel;
		};
/* End XCVersionGroup section */
	};
	rootObject = DA487BB11B434A910057EFCC /* Project object */;
}
